// !$*UTF8*$!
{
	archiveVersion = 1;
	classes = {
	};
	objectVersion = 46;
	objects = {

/* Begin PBXBuildFile section */
		B50AD00D1B952180003D6BF1 /* ad1.jpg in Resources */ = {isa = PBXBuildFile; fileRef = B50AD0031B952180003D6BF1 /* ad1.jpg */; };
		B50AD00E1B952180003D6BF1 /* ad2.jpg in Resources */ = {isa = PBXBuildFile; fileRef = B50AD0041B952180003D6BF1 /* ad2.jpg */; };
		B50AD00F1B952180003D6BF1 /* ad3.jpg in Resources */ = {isa = PBXBuildFile; fileRef = B50AD0051B952180003D6BF1 /* ad3.jpg */; };
		B50AD0101B952180003D6BF1 /* 2048_ad.png in Resources */ = {isa = PBXBuildFile; fileRef = B50AD0061B952180003D6BF1 /* 2048_ad.png */; };
		B50AD0111B952180003D6BF1 /* Shoot_Learning_ad.png in Resources */ = {isa = PBXBuildFile; fileRef = B50AD0071B952180003D6BF1 /* Shoot_Learning_ad.png */; };
		B50AD0121B952180003D6BF1 /* cute_dudge_ad.png in Resources */ = {isa = PBXBuildFile; fileRef = B50AD0081B952180003D6BF1 /* cute_dudge_ad.png */; };
		B50AD0131B952180003D6BF1 /* cn_attack_on_gaint_cat_ad.jpg in Resources */ = {isa = PBXBuildFile; fileRef = B50AD0091B952180003D6BF1 /* cn_attack_on_gaint_cat_ad.jpg */; };
		B50AD0141B952180003D6BF1 /* en_attack_on_gaint_cat_ad.jpg in Resources */ = {isa = PBXBuildFile; fileRef = B50AD00A1B952180003D6BF1 /* en_attack_on_gaint_cat_ad.jpg */; };
		B50AD0151B952180003D6BF1 /* jp_attack_on_gaint_cat_ad.jpg in Resources */ = {isa = PBXBuildFile; fileRef = B50AD00B1B952180003D6BF1 /* jp_attack_on_gaint_cat_ad.jpg */; };
		B50AD0161B952180003D6BF1 /* kr_attack_on_gaint_cat_ad.jpg in Resources */ = {isa = PBXBuildFile; fileRef = B50AD00C1B952180003D6BF1 /* kr_attack_on_gaint_cat_ad.jpg */; };
		B50AD0191B9521DE003D6BF1 /* MyADView.m in Sources */ = {isa = PBXBuildFile; fileRef = B50AD0181B9521DE003D6BF1 /* MyADView.m */; };
		B55A643E1B7D710700280B92 /* Localizable.strings in Resources */ = {isa = PBXBuildFile; fileRef = B55A64401B7D710700280B92 /* Localizable.strings */; };
		B55A64471B7EC33A00280B92 /* am_white.mp3 in Resources */ = {isa = PBXBuildFile; fileRef = B55A64431B7EC33A00280B92 /* am_white.mp3 */; };
		B55A64481B7EC33A00280B92 /* biai.mp3 in Resources */ = {isa = PBXBuildFile; fileRef = B55A64441B7EC33A00280B92 /* biai.mp3 */; };
		B55A64491B7EC33A00280B92 /* cafe.mp3 in Resources */ = {isa = PBXBuildFile; fileRef = B55A64451B7EC33A00280B92 /* cafe.mp3 */; };
		B55A644A1B7EC33A00280B92 /* deformation.mp3 in Resources */ = {isa = PBXBuildFile; fileRef = B55A64461B7EC33A00280B92 /* deformation.mp3 */; };
		B55A644D1B7EC36100280B92 /* MyUtils.m in Sources */ = {isa = PBXBuildFile; fileRef = B55A644C1B7EC36100280B92 /* MyUtils.m */; };
		B573136D1B7035C100307D50 /* btn_Close-hd.png in Resources */ = {isa = PBXBuildFile; fileRef = B57313521B7035C100307D50 /* btn_Close-hd.png */; };
		B573136E1B7035C100307D50 /* btn_Exit-hd.png in Resources */ = {isa = PBXBuildFile; fileRef = B57313531B7035C100307D50 /* btn_Exit-hd.png */; };
		B573136F1B7035C100307D50 /* btn_Facebook-hd.png in Resources */ = {isa = PBXBuildFile; fileRef = B57313541B7035C100307D50 /* btn_Facebook-hd.png */; };
		B57313701B7035C100307D50 /* btn_FoodMode-hd.png in Resources */ = {isa = PBXBuildFile; fileRef = B57313551B7035C100307D50 /* btn_FoodMode-hd.png */; };
		B57313711B7035C100307D50 /* btn_Guide-hd.png in Resources */ = {isa = PBXBuildFile; fileRef = B57313561B7035C100307D50 /* btn_Guide-hd.png */; };
		B57313721B7035C100307D50 /* btn_HighScore-hd.png in Resources */ = {isa = PBXBuildFile; fileRef = B57313571B7035C100307D50 /* btn_HighScore-hd.png */; };
		B57313731B7035C100307D50 /* btn_HowToPlay-hd.png in Resources */ = {isa = PBXBuildFile; fileRef = B57313581B7035C100307D50 /* btn_HowToPlay-hd.png */; };
		B57313741B7035C100307D50 /* btn_Info-hd.png in Resources */ = {isa = PBXBuildFile; fileRef = B57313591B7035C100307D50 /* btn_Info-hd.png */; };
		B57313751B7035C100307D50 /* btn_mail-hd.png in Resources */ = {isa = PBXBuildFile; fileRef = B573135A1B7035C100307D50 /* btn_mail-hd.png */; };
		B57313761B7035C100307D50 /* btn_Menu-hd.png in Resources */ = {isa = PBXBuildFile; fileRef = B573135B1B7035C100307D50 /* btn_Menu-hd.png */; };
		B57313771B7035C100307D50 /* btn_Music_Select-hd.png in Resources */ = {isa = PBXBuildFile; fileRef = B573135C1B7035C100307D50 /* btn_Music_Select-hd.png */; };
		B57313781B7035C100307D50 /* btn_Music-hd.png in Resources */ = {isa = PBXBuildFile; fileRef = B573135D1B7035C100307D50 /* btn_Music-hd.png */; };
		B57313791B7035C100307D50 /* btn_PuzzleMode-hd.png in Resources */ = {isa = PBXBuildFile; fileRef = B573135E1B7035C100307D50 /* btn_PuzzleMode-hd.png */; };
		B573137A1B7035C100307D50 /* btn_rate-hd.png in Resources */ = {isa = PBXBuildFile; fileRef = B573135F1B7035C100307D50 /* btn_rate-hd.png */; };
		B573137B1B7035C100307D50 /* btn_runeClash-hd.png in Resources */ = {isa = PBXBuildFile; fileRef = B57313601B7035C100307D50 /* btn_runeClash-hd.png */; };
		B573137C1B7035C100307D50 /* btn_Sound_Select-hd.png in Resources */ = {isa = PBXBuildFile; fileRef = B57313611B7035C100307D50 /* btn_Sound_Select-hd.png */; };
		B573137D1B7035C100307D50 /* btn_Sound-hd.png in Resources */ = {isa = PBXBuildFile; fileRef = B57313621B7035C100307D50 /* btn_Sound-hd.png */; };
		B573137E1B7035C100307D50 /* btn_TimeMode-hd.png in Resources */ = {isa = PBXBuildFile; fileRef = B57313631B7035C100307D50 /* btn_TimeMode-hd.png */; };
		B573137F1B7035C100307D50 /* btnL_GameCenter-hd.png in Resources */ = {isa = PBXBuildFile; fileRef = B57313641B7035C100307D50 /* btnL_GameCenter-hd.png */; };
		B57313801B7035C100307D50 /* btnL_goLeft-hd.png in Resources */ = {isa = PBXBuildFile; fileRef = B57313651B7035C100307D50 /* btnL_goLeft-hd.png */; };
		B57313811B7035C100307D50 /* btnL_Menu-hd.png in Resources */ = {isa = PBXBuildFile; fileRef = B57313661B7035C100307D50 /* btnL_Menu-hd.png */; };
		B57313821B7035C100307D50 /* btnL_PlayAgain-hd.png in Resources */ = {isa = PBXBuildFile; fileRef = B57313671B7035C100307D50 /* btnL_PlayAgain-hd.png */; };
		B57313831B7035C100307D50 /* gameEndBG-hd.png in Resources */ = {isa = PBXBuildFile; fileRef = B57313681B7035C100307D50 /* gameEndBG-hd.png */; };
		B57313841B7035C100307D50 /* Icon_Time-hd.png in Resources */ = {isa = PBXBuildFile; fileRef = B57313691B7035C100307D50 /* Icon_Time-hd.png */; };
		B57313851B7035C100307D50 /* logo-hd.png in Resources */ = {isa = PBXBuildFile; fileRef = B573136A1B7035C100307D50 /* logo-hd.png */; };
		B57313861B7035C100307D50 /* menuBG-hd.png in Resources */ = {isa = PBXBuildFile; fileRef = B573136B1B7035C100307D50 /* menuBG-hd.png */; };
		B57313871B7035C100307D50 /* musicIcon-hd.png in Resources */ = {isa = PBXBuildFile; fileRef = B573136C1B7035C100307D50 /* musicIcon-hd.png */; };
		B573138A1B7036C800307D50 /* GameMenuViewController.m in Sources */ = {isa = PBXBuildFile; fileRef = B57313891B7036C800307D50 /* GameMenuViewController.m */; };
		B573138E1B7038CA00307D50 /* blade_btn.png in Resources */ = {isa = PBXBuildFile; fileRef = B573138B1B7038CA00307D50 /* blade_btn.png */; };
		B573138F1B7038CA00307D50 /* touch_btn.png in Resources */ = {isa = PBXBuildFile; fileRef = B573138C1B7038CA00307D50 /* touch_btn.png */; };
		B57313901B7038CA00307D50 /* zone_btn.png in Resources */ = {isa = PBXBuildFile; fileRef = B573138D1B7038CA00307D50 /* zone_btn.png */; };
		B57313921B71937700307D50 /* touch_multi_btn.png in Resources */ = {isa = PBXBuildFile; fileRef = B57313911B71937600307D50 /* touch_multi_btn.png */; };
		B57313941B71945900307D50 /* question_mark_horizental_btn.png in Resources */ = {isa = PBXBuildFile; fileRef = B57313931B71945900307D50 /* question_mark_horizental_btn.png */; };
		B57721A81B4DF16F00ADC9BB /* GameCenterUtil.m in Sources */ = {isa = PBXBuildFile; fileRef = B57721A71B4DF16F00ADC9BB /* GameCenterUtil.m */; };
		B577957A1B0DB1AB00ABE278 /* Foundation.framework in Frameworks */ = {isa = PBXBuildFile; fileRef = B57795791B0DB1AB00ABE278 /* Foundation.framework */; };
		B577957C1B0DB1AB00ABE278 /* CoreGraphics.framework in Frameworks */ = {isa = PBXBuildFile; fileRef = B577957B1B0DB1AB00ABE278 /* CoreGraphics.framework */; };
		B577957E1B0DB1AB00ABE278 /* UIKit.framework in Frameworks */ = {isa = PBXBuildFile; fileRef = B577957D1B0DB1AB00ABE278 /* UIKit.framework */; };
		B57795801B0DB1AB00ABE278 /* SpriteKit.framework in Frameworks */ = {isa = PBXBuildFile; fileRef = B577957F1B0DB1AB00ABE278 /* SpriteKit.framework */; };
		B57795861B0DB1AB00ABE278 /* InfoPlist.strings in Resources */ = {isa = PBXBuildFile; fileRef = B57795841B0DB1AB00ABE278 /* InfoPlist.strings */; };
		B57795881B0DB1AB00ABE278 /* main.m in Sources */ = {isa = PBXBuildFile; fileRef = B57795871B0DB1AB00ABE278 /* main.m */; };
		B577958C1B0DB1AB00ABE278 /* AppDelegate.m in Sources */ = {isa = PBXBuildFile; fileRef = B577958B1B0DB1AB00ABE278 /* AppDelegate.m */; };
		B577958F1B0DB1AB00ABE278 /* Main.storyboard in Resources */ = {isa = PBXBuildFile; fileRef = B577958D1B0DB1AB00ABE278 /* Main.storyboard */; };
		B57795921B0DB1AB00ABE278 /* ViewController.m in Sources */ = {isa = PBXBuildFile; fileRef = B57795911B0DB1AB00ABE278 /* ViewController.m */; };
		B57795951B0DB1AB00ABE278 /* MyScene.m in Sources */ = {isa = PBXBuildFile; fileRef = B57795941B0DB1AB00ABE278 /* MyScene.m */; };
		B57795971B0DB1AB00ABE278 /* Spaceship.png in Resources */ = {isa = PBXBuildFile; fileRef = B57795961B0DB1AB00ABE278 /* Spaceship.png */; };
		B57795991B0DB1AB00ABE278 /* Images.xcassets in Resources */ = {isa = PBXBuildFile; fileRef = B57795981B0DB1AB00ABE278 /* Images.xcassets */; };
		B57795C91B0DC38900ABE278 /* cat05_1.png in Resources */ = {isa = PBXBuildFile; fileRef = B57795B51B0DC38900ABE278 /* cat05_1.png */; };
		B57795CA1B0DC38900ABE278 /* cat05_2.png in Resources */ = {isa = PBXBuildFile; fileRef = B57795B61B0DC38900ABE278 /* cat05_2.png */; };
		B57795CB1B0DC38900ABE278 /* cat05_3.png in Resources */ = {isa = PBXBuildFile; fileRef = B57795B71B0DC38900ABE278 /* cat05_3.png */; };
		B57795CC1B0DC38900ABE278 /* cat05_4.png in Resources */ = {isa = PBXBuildFile; fileRef = B57795B81B0DC38900ABE278 /* cat05_4.png */; };
		B57795CD1B0DC38900ABE278 /* cat04_1.png in Resources */ = {isa = PBXBuildFile; fileRef = B57795B91B0DC38900ABE278 /* cat04_1.png */; };
		B57795CE1B0DC38900ABE278 /* cat04_2.png in Resources */ = {isa = PBXBuildFile; fileRef = B57795BA1B0DC38900ABE278 /* cat04_2.png */; };
		B57795CF1B0DC38900ABE278 /* cat04_3.png in Resources */ = {isa = PBXBuildFile; fileRef = B57795BB1B0DC38900ABE278 /* cat04_3.png */; };
		B57795D01B0DC38900ABE278 /* cat04_4.png in Resources */ = {isa = PBXBuildFile; fileRef = B57795BC1B0DC38900ABE278 /* cat04_4.png */; };
		B57795D11B0DC38900ABE278 /* cat03_1.png in Resources */ = {isa = PBXBuildFile; fileRef = B57795BD1B0DC38900ABE278 /* cat03_1.png */; };
		B57795D21B0DC38900ABE278 /* cat03_2.png in Resources */ = {isa = PBXBuildFile; fileRef = B57795BE1B0DC38900ABE278 /* cat03_2.png */; };
		B57795D31B0DC38900ABE278 /* cat03_3.png in Resources */ = {isa = PBXBuildFile; fileRef = B57795BF1B0DC38900ABE278 /* cat03_3.png */; };
		B57795D41B0DC38900ABE278 /* cat03_4.png in Resources */ = {isa = PBXBuildFile; fileRef = B57795C01B0DC38900ABE278 /* cat03_4.png */; };
		B57795D51B0DC38900ABE278 /* cat02_1.png in Resources */ = {isa = PBXBuildFile; fileRef = B57795C11B0DC38900ABE278 /* cat02_1.png */; };
		B57795D61B0DC38900ABE278 /* cat02_2.png in Resources */ = {isa = PBXBuildFile; fileRef = B57795C21B0DC38900ABE278 /* cat02_2.png */; };
		B57795D71B0DC38900ABE278 /* cat02_3.png in Resources */ = {isa = PBXBuildFile; fileRef = B57795C31B0DC38900ABE278 /* cat02_3.png */; };
		B57795D81B0DC38900ABE278 /* cat02_4.png in Resources */ = {isa = PBXBuildFile; fileRef = B57795C41B0DC38900ABE278 /* cat02_4.png */; };
		B57795D91B0DC38900ABE278 /* cat01_1.png in Resources */ = {isa = PBXBuildFile; fileRef = B57795C51B0DC38900ABE278 /* cat01_1.png */; };
		B57795DA1B0DC38900ABE278 /* cat01_2.png in Resources */ = {isa = PBXBuildFile; fileRef = B57795C61B0DC38900ABE278 /* cat01_2.png */; };
		B57795DB1B0DC38900ABE278 /* cat01_3.png in Resources */ = {isa = PBXBuildFile; fileRef = B57795C71B0DC38900ABE278 /* cat01_3.png */; };
		B57795DC1B0DC38900ABE278 /* cat01_4.png in Resources */ = {isa = PBXBuildFile; fileRef = B57795C81B0DC38900ABE278 /* cat01_4.png */; };
		B57795DE1B0DC3E500ABE278 /* explode.png in Resources */ = {isa = PBXBuildFile; fileRef = B57795DD1B0DC3E500ABE278 /* explode.png */; };
		B57795E11B0DC40900ABE278 /* TextureHelper.m in Sources */ = {isa = PBXBuildFile; fileRef = B57795E01B0DC40900ABE278 /* TextureHelper.m */; };
		B57795EF1B0DC54C00ABE278 /* dot.png in Resources */ = {isa = PBXBuildFile; fileRef = B57795E41B0DC54C00ABE278 /* dot.png */; };
		B57795F01B0DC54C00ABE278 /* s0.png in Resources */ = {isa = PBXBuildFile; fileRef = B57795E51B0DC54C00ABE278 /* s0.png */; };
		B57795F11B0DC54C00ABE278 /* s1.png in Resources */ = {isa = PBXBuildFile; fileRef = B57795E61B0DC54C00ABE278 /* s1.png */; };
		B57795F21B0DC54C00ABE278 /* s2.png in Resources */ = {isa = PBXBuildFile; fileRef = B57795E71B0DC54C00ABE278 /* s2.png */; };
		B57795F31B0DC54C00ABE278 /* s3.png in Resources */ = {isa = PBXBuildFile; fileRef = B57795E81B0DC54C00ABE278 /* s3.png */; };
		B57795F41B0DC54C00ABE278 /* s4.png in Resources */ = {isa = PBXBuildFile; fileRef = B57795E91B0DC54C00ABE278 /* s4.png */; };
		B57795F51B0DC54C00ABE278 /* s5.png in Resources */ = {isa = PBXBuildFile; fileRef = B57795EA1B0DC54C00ABE278 /* s5.png */; };
		B57795F61B0DC54C00ABE278 /* s6.png in Resources */ = {isa = PBXBuildFile; fileRef = B57795EB1B0DC54C00ABE278 /* s6.png */; };
		B57795F71B0DC54C00ABE278 /* s7.png in Resources */ = {isa = PBXBuildFile; fileRef = B57795EC1B0DC54C00ABE278 /* s7.png */; };
		B57795F81B0DC54C00ABE278 /* s8.png in Resources */ = {isa = PBXBuildFile; fileRef = B57795ED1B0DC54C00ABE278 /* s8.png */; };
		B57795F91B0DC54C00ABE278 /* s9.png in Resources */ = {isa = PBXBuildFile; fileRef = B57795EE1B0DC54C00ABE278 /* s9.png */; };
		B58D783A1B54D6650090BFC7 /* SKBlade.m in Sources */ = {isa = PBXBuildFile; fileRef = B58D78381B54D6650090BFC7 /* SKBlade.m */; };
		B58D783B1B54D6650090BFC7 /* spark.png in Resources */ = {isa = PBXBuildFile; fileRef = B58D78391B54D6650090BFC7 /* spark.png */; };
		B5972357270E9E1F00C470FB /* AppiraterLocalizable.strings in Resources */ = {isa = PBXBuildFile; fileRef = B597232F270E9E1E00C470FB /* AppiraterLocalizable.strings */; };
		B5972358270E9E1F00C470FB /* CHANGELOG.md in Resources */ = {isa = PBXBuildFile; fileRef = B597233A270E9E1E00C470FB /* CHANGELOG.md */; };
		B5972359270E9E1F00C470FB /* Appirater.m in Sources */ = {isa = PBXBuildFile; fileRef = B597233F270E9E1E00C470FB /* Appirater.m */; };
		B597235A270E9E1F00C470FB /* Appirater.podspec.json in Resources */ = {isa = PBXBuildFile; fileRef = B5972344270E9E1E00C470FB /* Appirater.podspec.json */; };
		B597235B270E9E1F00C470FB /* README.md in Resources */ = {isa = PBXBuildFile; fileRef = B5972345270E9E1E00C470FB /* README.md */; };
		B597235C270E9E1F00C470FB /* .gitignore in Resources */ = {isa = PBXBuildFile; fileRef = B597234A270E9E1E00C470FB /* .gitignore */; };
		B5B9C8BC264150F100C13993 /* bg09.jpg in Resources */ = {isa = PBXBuildFile; fileRef = B5B9C8A72641501200C13993 /* bg09.jpg */; };
		B5B9C8BD264150F100C13993 /* bg02.jpg in Resources */ = {isa = PBXBuildFile; fileRef = B5B9C8AA2641501300C13993 /* bg02.jpg */; };
		B5B9C8BE264150F100C13993 /* bg04.jpg in Resources */ = {isa = PBXBuildFile; fileRef = B5B9C8AC2641501300C13993 /* bg04.jpg */; };
		B5B9C8BF264150F100C13993 /* bg05.jpg in Resources */ = {isa = PBXBuildFile; fileRef = B5B9C8A62641501200C13993 /* bg05.jpg */; };
		B5B9C8C0264150F100C13993 /* bg06.jpg in Resources */ = {isa = PBXBuildFile; fileRef = B5B9C8AD2641501300C13993 /* bg06.jpg */; };
		B5B9C8C1264150F100C13993 /* bg10.jpg in Resources */ = {isa = PBXBuildFile; fileRef = B5B9C8B22641501400C13993 /* bg10.jpg */; };
		B5B9C8C2264150F100C13993 /* bg08.jpg in Resources */ = {isa = PBXBuildFile; fileRef = B5B9C8A92641501300C13993 /* bg08.jpg */; };
		B5B9C8C3264150F100C13993 /* bg12.jpg in Resources */ = {isa = PBXBuildFile; fileRef = B5B9C8B12641501300C13993 /* bg12.jpg */; };
		B5B9C8C4264150F100C13993 /* bg13.jpg in Resources */ = {isa = PBXBuildFile; fileRef = B5B9C8AF2641501300C13993 /* bg13.jpg */; };
		B5B9C8C5264150F100C13993 /* bg03.jpg in Resources */ = {isa = PBXBuildFile; fileRef = B5B9C8B02641501300C13993 /* bg03.jpg */; };
		B5B9C8C6264150F100C13993 /* bg07.jpg in Resources */ = {isa = PBXBuildFile; fileRef = B5B9C8A52641501200C13993 /* bg07.jpg */; };
		B5B9C8C7264150F100C13993 /* bg11.jpg in Resources */ = {isa = PBXBuildFile; fileRef = B5B9C8AB2641501300C13993 /* bg11.jpg */; };
		B5B9C8C8264150F100C13993 /* bg15.jpg in Resources */ = {isa = PBXBuildFile; fileRef = B5B9C8AE2641501300C13993 /* bg15.jpg */; };
		B5B9C8C9264150F100C13993 /* bg14.jpg in Resources */ = {isa = PBXBuildFile; fileRef = B5B9C8A82641501300C13993 /* bg14.jpg */; };
		B5B9C8CA264150F100C13993 /* bg01.jpg in Resources */ = {isa = PBXBuildFile; fileRef = B5B9C8B32641501400C13993 /* bg01.jpg */; };
/* End PBXBuildFile section */

/* Begin PBXFileReference section */
		B50AD0031B952180003D6BF1 /* ad1.jpg */ = {isa = PBXFileReference; lastKnownFileType = image.jpeg; path = ad1.jpg; sourceTree = "<group>"; };
		B50AD0041B952180003D6BF1 /* ad2.jpg */ = {isa = PBXFileReference; lastKnownFileType = image.jpeg; path = ad2.jpg; sourceTree = "<group>"; };
		B50AD0051B952180003D6BF1 /* ad3.jpg */ = {isa = PBXFileReference; lastKnownFileType = image.jpeg; path = ad3.jpg; sourceTree = "<group>"; };
		B50AD0061B952180003D6BF1 /* 2048_ad.png */ = {isa = PBXFileReference; lastKnownFileType = image.png; path = 2048_ad.png; sourceTree = "<group>"; };
		B50AD0071B952180003D6BF1 /* Shoot_Learning_ad.png */ = {isa = PBXFileReference; lastKnownFileType = image.png; path = Shoot_Learning_ad.png; sourceTree = "<group>"; };
		B50AD0081B952180003D6BF1 /* cute_dudge_ad.png */ = {isa = PBXFileReference; lastKnownFileType = image.png; path = cute_dudge_ad.png; sourceTree = "<group>"; };
		B50AD0091B952180003D6BF1 /* cn_attack_on_gaint_cat_ad.jpg */ = {isa = PBXFileReference; lastKnownFileType = image.jpeg; path = cn_attack_on_gaint_cat_ad.jpg; sourceTree = "<group>"; };
		B50AD00A1B952180003D6BF1 /* en_attack_on_gaint_cat_ad.jpg */ = {isa = PBXFileReference; lastKnownFileType = image.jpeg; path = en_attack_on_gaint_cat_ad.jpg; sourceTree = "<group>"; };
		B50AD00B1B952180003D6BF1 /* jp_attack_on_gaint_cat_ad.jpg */ = {isa = PBXFileReference; lastKnownFileType = image.jpeg; path = jp_attack_on_gaint_cat_ad.jpg; sourceTree = "<group>"; };
		B50AD00C1B952180003D6BF1 /* kr_attack_on_gaint_cat_ad.jpg */ = {isa = PBXFileReference; lastKnownFileType = image.jpeg; path = kr_attack_on_gaint_cat_ad.jpg; sourceTree = "<group>"; };
		B50AD0171B9521DE003D6BF1 /* MyADView.h */ = {isa = PBXFileReference; fileEncoding = 4; lastKnownFileType = sourcecode.c.h; path = MyADView.h; sourceTree = "<group>"; };
		B50AD0181B9521DE003D6BF1 /* MyADView.m */ = {isa = PBXFileReference; fileEncoding = 4; lastKnownFileType = sourcecode.c.objc; path = MyADView.m; sourceTree = "<group>"; };
		B50AD13C1B9FC2E9003D6BF1 /* ja */ = {isa = PBXFileReference; lastKnownFileType = text.plist.strings; name = ja; path = ja.lproj/InfoPlist.strings; sourceTree = "<group>"; };
		B54655D51B9FDAC800CA7FBA /* ja */ = {isa = PBXFileReference; lastKnownFileType = text.plist.strings; name = ja; path = ja.lproj/Localizable.strings; sourceTree = "<group>"; };
		B54655D61B9FDB4C00CA7FBA /* ko */ = {isa = PBXFileReference; lastKnownFileType = text.plist.strings; name = ko; path = ko.lproj/InfoPlist.strings; sourceTree = "<group>"; };
		B54655D71B9FDB4C00CA7FBA /* ko */ = {isa = PBXFileReference; lastKnownFileType = text.plist.strings; name = ko; path = ko.lproj/Localizable.strings; sourceTree = "<group>"; };
		B54655D81B9FDB8800CA7FBA /* zh-Hans */ = {isa = PBXFileReference; lastKnownFileType = text.plist.strings; name = "zh-Hans"; path = "zh-Hans.lproj/InfoPlist.strings"; sourceTree = "<group>"; };
		B54655D91B9FDB8800CA7FBA /* zh-Hans */ = {isa = PBXFileReference; lastKnownFileType = text.plist.strings; name = "zh-Hans"; path = "zh-Hans.lproj/Localizable.strings"; sourceTree = "<group>"; };
		B54655DA1B9FE3D000CA7FBA /* Base */ = {isa = PBXFileReference; lastKnownFileType = text.plist.strings; name = Base; path = Base.lproj/InfoPlist.strings; sourceTree = "<group>"; };
		B55A643A1B7D703000280B92 /* zh-Hant */ = {isa = PBXFileReference; lastKnownFileType = text.plist.strings; name = "zh-Hant"; path = "zh-Hant.lproj/InfoPlist.strings"; sourceTree = "<group>"; };
		B55A643F1B7D710700280B92 /* Base */ = {isa = PBXFileReference; lastKnownFileType = text.plist.strings; name = Base; path = Base.lproj/Localizable.strings; sourceTree = "<group>"; };
		B55A64411B7D710A00280B92 /* en */ = {isa = PBXFileReference; lastKnownFileType = text.plist.strings; name = en; path = en.lproj/Localizable.strings; sourceTree = "<group>"; };
		B55A64421B7D714400280B92 /* zh-Hant */ = {isa = PBXFileReference; lastKnownFileType = text.plist.strings; name = "zh-Hant"; path = "zh-Hant.lproj/Localizable.strings"; sourceTree = "<group>"; };
		B55A64431B7EC33A00280B92 /* am_white.mp3 */ = {isa = PBXFileReference; lastKnownFileType = audio.mp3; path = am_white.mp3; sourceTree = "<group>"; };
		B55A64441B7EC33A00280B92 /* biai.mp3 */ = {isa = PBXFileReference; lastKnownFileType = audio.mp3; path = biai.mp3; sourceTree = "<group>"; };
		B55A64451B7EC33A00280B92 /* cafe.mp3 */ = {isa = PBXFileReference; lastKnownFileType = audio.mp3; path = cafe.mp3; sourceTree = "<group>"; };
		B55A64461B7EC33A00280B92 /* deformation.mp3 */ = {isa = PBXFileReference; lastKnownFileType = audio.mp3; path = deformation.mp3; sourceTree = "<group>"; };
		B55A644B1B7EC36100280B92 /* MyUtils.h */ = {isa = PBXFileReference; fileEncoding = 4; lastKnownFileType = sourcecode.c.h; path = MyUtils.h; sourceTree = "<group>"; };
		B55A644C1B7EC36100280B92 /* MyUtils.m */ = {isa = PBXFileReference; fileEncoding = 4; lastKnownFileType = sourcecode.c.objc; path = MyUtils.m; sourceTree = "<group>"; };
		B57313521B7035C100307D50 /* btn_Close-hd.png */ = {isa = PBXFileReference; lastKnownFileType = image.png; path = "btn_Close-hd.png"; sourceTree = "<group>"; };
		B57313531B7035C100307D50 /* btn_Exit-hd.png */ = {isa = PBXFileReference; lastKnownFileType = image.png; path = "btn_Exit-hd.png"; sourceTree = "<group>"; };
		B57313541B7035C100307D50 /* btn_Facebook-hd.png */ = {isa = PBXFileReference; lastKnownFileType = image.png; path = "btn_Facebook-hd.png"; sourceTree = "<group>"; };
		B57313551B7035C100307D50 /* btn_FoodMode-hd.png */ = {isa = PBXFileReference; lastKnownFileType = image.png; path = "btn_FoodMode-hd.png"; sourceTree = "<group>"; };
		B57313561B7035C100307D50 /* btn_Guide-hd.png */ = {isa = PBXFileReference; lastKnownFileType = image.png; path = "btn_Guide-hd.png"; sourceTree = "<group>"; };
		B57313571B7035C100307D50 /* btn_HighScore-hd.png */ = {isa = PBXFileReference; lastKnownFileType = image.png; path = "btn_HighScore-hd.png"; sourceTree = "<group>"; };
		B57313581B7035C100307D50 /* btn_HowToPlay-hd.png */ = {isa = PBXFileReference; lastKnownFileType = image.png; path = "btn_HowToPlay-hd.png"; sourceTree = "<group>"; };
		B57313591B7035C100307D50 /* btn_Info-hd.png */ = {isa = PBXFileReference; lastKnownFileType = image.png; path = "btn_Info-hd.png"; sourceTree = "<group>"; };
		B573135A1B7035C100307D50 /* btn_mail-hd.png */ = {isa = PBXFileReference; lastKnownFileType = image.png; path = "btn_mail-hd.png"; sourceTree = "<group>"; };
		B573135B1B7035C100307D50 /* btn_Menu-hd.png */ = {isa = PBXFileReference; lastKnownFileType = image.png; path = "btn_Menu-hd.png"; sourceTree = "<group>"; };
		B573135C1B7035C100307D50 /* btn_Music_Select-hd.png */ = {isa = PBXFileReference; lastKnownFileType = image.png; path = "btn_Music_Select-hd.png"; sourceTree = "<group>"; };
		B573135D1B7035C100307D50 /* btn_Music-hd.png */ = {isa = PBXFileReference; lastKnownFileType = image.png; path = "btn_Music-hd.png"; sourceTree = "<group>"; };
		B573135E1B7035C100307D50 /* btn_PuzzleMode-hd.png */ = {isa = PBXFileReference; lastKnownFileType = image.png; path = "btn_PuzzleMode-hd.png"; sourceTree = "<group>"; };
		B573135F1B7035C100307D50 /* btn_rate-hd.png */ = {isa = PBXFileReference; lastKnownFileType = image.png; path = "btn_rate-hd.png"; sourceTree = "<group>"; };
		B57313601B7035C100307D50 /* btn_runeClash-hd.png */ = {isa = PBXFileReference; lastKnownFileType = image.png; path = "btn_runeClash-hd.png"; sourceTree = "<group>"; };
		B57313611B7035C100307D50 /* btn_Sound_Select-hd.png */ = {isa = PBXFileReference; lastKnownFileType = image.png; path = "btn_Sound_Select-hd.png"; sourceTree = "<group>"; };
		B57313621B7035C100307D50 /* btn_Sound-hd.png */ = {isa = PBXFileReference; lastKnownFileType = image.png; path = "btn_Sound-hd.png"; sourceTree = "<group>"; };
		B57313631B7035C100307D50 /* btn_TimeMode-hd.png */ = {isa = PBXFileReference; lastKnownFileType = image.png; path = "btn_TimeMode-hd.png"; sourceTree = "<group>"; };
		B57313641B7035C100307D50 /* btnL_GameCenter-hd.png */ = {isa = PBXFileReference; lastKnownFileType = image.png; path = "btnL_GameCenter-hd.png"; sourceTree = "<group>"; };
		B57313651B7035C100307D50 /* btnL_goLeft-hd.png */ = {isa = PBXFileReference; lastKnownFileType = image.png; path = "btnL_goLeft-hd.png"; sourceTree = "<group>"; };
		B57313661B7035C100307D50 /* btnL_Menu-hd.png */ = {isa = PBXFileReference; lastKnownFileType = image.png; path = "btnL_Menu-hd.png"; sourceTree = "<group>"; };
		B57313671B7035C100307D50 /* btnL_PlayAgain-hd.png */ = {isa = PBXFileReference; lastKnownFileType = image.png; path = "btnL_PlayAgain-hd.png"; sourceTree = "<group>"; };
		B57313681B7035C100307D50 /* gameEndBG-hd.png */ = {isa = PBXFileReference; lastKnownFileType = image.png; path = "gameEndBG-hd.png"; sourceTree = "<group>"; };
		B57313691B7035C100307D50 /* Icon_Time-hd.png */ = {isa = PBXFileReference; lastKnownFileType = image.png; path = "Icon_Time-hd.png"; sourceTree = "<group>"; };
		B573136A1B7035C100307D50 /* logo-hd.png */ = {isa = PBXFileReference; lastKnownFileType = image.png; path = "logo-hd.png"; sourceTree = "<group>"; };
		B573136B1B7035C100307D50 /* menuBG-hd.png */ = {isa = PBXFileReference; lastKnownFileType = image.png; path = "menuBG-hd.png"; sourceTree = "<group>"; };
		B573136C1B7035C100307D50 /* musicIcon-hd.png */ = {isa = PBXFileReference; lastKnownFileType = image.png; path = "musicIcon-hd.png"; sourceTree = "<group>"; };
		B57313881B7036C800307D50 /* GameMenuViewController.h */ = {isa = PBXFileReference; fileEncoding = 4; lastKnownFileType = sourcecode.c.h; path = GameMenuViewController.h; sourceTree = "<group>"; };
		B57313891B7036C800307D50 /* GameMenuViewController.m */ = {isa = PBXFileReference; fileEncoding = 4; lastKnownFileType = sourcecode.c.objc; path = GameMenuViewController.m; sourceTree = "<group>"; };
		B573138B1B7038CA00307D50 /* blade_btn.png */ = {isa = PBXFileReference; lastKnownFileType = image.png; path = blade_btn.png; sourceTree = "<group>"; };
		B573138C1B7038CA00307D50 /* touch_btn.png */ = {isa = PBXFileReference; lastKnownFileType = image.png; path = touch_btn.png; sourceTree = "<group>"; };
		B573138D1B7038CA00307D50 /* zone_btn.png */ = {isa = PBXFileReference; lastKnownFileType = image.png; path = zone_btn.png; sourceTree = "<group>"; };
		B57313911B71937600307D50 /* touch_multi_btn.png */ = {isa = PBXFileReference; lastKnownFileType = image.png; path = touch_multi_btn.png; sourceTree = "<group>"; };
		B57313931B71945900307D50 /* question_mark_horizental_btn.png */ = {isa = PBXFileReference; lastKnownFileType = image.png; path = question_mark_horizental_btn.png; sourceTree = "<group>"; };
		B57721A61B4DF16F00ADC9BB /* GameCenterUtil.h */ = {isa = PBXFileReference; fileEncoding = 4; lastKnownFileType = sourcecode.c.h; path = GameCenterUtil.h; sourceTree = "<group>"; };
		B57721A71B4DF16F00ADC9BB /* GameCenterUtil.m */ = {isa = PBXFileReference; fileEncoding = 4; lastKnownFileType = sourcecode.c.objc; path = GameCenterUtil.m; sourceTree = "<group>"; };
		B57795761B0DB1AB00ABE278 /* InfinityCats.app */ = {isa = PBXFileReference; explicitFileType = wrapper.application; includeInIndex = 0; path = InfinityCats.app; sourceTree = BUILT_PRODUCTS_DIR; };
		B57795791B0DB1AB00ABE278 /* Foundation.framework */ = {isa = PBXFileReference; lastKnownFileType = wrapper.framework; name = Foundation.framework; path = System/Library/Frameworks/Foundation.framework; sourceTree = SDKROOT; };
		B577957B1B0DB1AB00ABE278 /* CoreGraphics.framework */ = {isa = PBXFileReference; lastKnownFileType = wrapper.framework; name = CoreGraphics.framework; path = System/Library/Frameworks/CoreGraphics.framework; sourceTree = SDKROOT; };
		B577957D1B0DB1AB00ABE278 /* UIKit.framework */ = {isa = PBXFileReference; lastKnownFileType = wrapper.framework; name = UIKit.framework; path = System/Library/Frameworks/UIKit.framework; sourceTree = SDKROOT; };
		B577957F1B0DB1AB00ABE278 /* SpriteKit.framework */ = {isa = PBXFileReference; lastKnownFileType = wrapper.framework; name = SpriteKit.framework; path = System/Library/Frameworks/SpriteKit.framework; sourceTree = SDKROOT; };
		B57795831B0DB1AB00ABE278 /* InfiniteTouch-Info.plist */ = {isa = PBXFileReference; lastKnownFileType = text.plist.xml; path = "InfiniteTouch-Info.plist"; sourceTree = "<group>"; };
		B57795851B0DB1AB00ABE278 /* en */ = {isa = PBXFileReference; lastKnownFileType = text.plist.strings; name = en; path = en.lproj/InfoPlist.strings; sourceTree = "<group>"; };
		B57795871B0DB1AB00ABE278 /* main.m */ = {isa = PBXFileReference; fileEncoding = 4; lastKnownFileType = sourcecode.c.objc; path = main.m; sourceTree = "<group>"; };
		B57795891B0DB1AB00ABE278 /* InfiniteTouch-Prefix.pch */ = {isa = PBXFileReference; lastKnownFileType = sourcecode.c.h; path = "InfiniteTouch-Prefix.pch"; sourceTree = "<group>"; };
		B577958A1B0DB1AB00ABE278 /* AppDelegate.h */ = {isa = PBXFileReference; lastKnownFileType = sourcecode.c.h; path = AppDelegate.h; sourceTree = "<group>"; };
		B577958B1B0DB1AB00ABE278 /* AppDelegate.m */ = {isa = PBXFileReference; lastKnownFileType = sourcecode.c.objc; path = AppDelegate.m; sourceTree = "<group>"; };
		B577958E1B0DB1AB00ABE278 /* Base */ = {isa = PBXFileReference; lastKnownFileType = file.storyboard; name = Base; path = Base.lproj/Main.storyboard; sourceTree = "<group>"; };
		B57795901B0DB1AB00ABE278 /* ViewController.h */ = {isa = PBXFileReference; lastKnownFileType = sourcecode.c.h; path = ViewController.h; sourceTree = "<group>"; };
		B57795911B0DB1AB00ABE278 /* ViewController.m */ = {isa = PBXFileReference; lastKnownFileType = sourcecode.c.objc; path = ViewController.m; sourceTree = "<group>"; };
		B57795931B0DB1AB00ABE278 /* MyScene.h */ = {isa = PBXFileReference; lastKnownFileType = sourcecode.c.h; path = MyScene.h; sourceTree = "<group>"; };
		B57795941B0DB1AB00ABE278 /* MyScene.m */ = {isa = PBXFileReference; lastKnownFileType = sourcecode.c.objc; path = MyScene.m; sourceTree = "<group>"; };
		B57795961B0DB1AB00ABE278 /* Spaceship.png */ = {isa = PBXFileReference; lastKnownFileType = image.png; path = Spaceship.png; sourceTree = "<group>"; };
		B57795981B0DB1AB00ABE278 /* Images.xcassets */ = {isa = PBXFileReference; lastKnownFileType = folder.assetcatalog; path = Images.xcassets; sourceTree = "<group>"; };
		B577959F1B0DB1AB00ABE278 /* XCTest.framework */ = {isa = PBXFileReference; lastKnownFileType = wrapper.framework; name = XCTest.framework; path = Library/Frameworks/XCTest.framework; sourceTree = DEVELOPER_DIR; };
		B57795B51B0DC38900ABE278 /* cat05_1.png */ = {isa = PBXFileReference; lastKnownFileType = image.png; path = cat05_1.png; sourceTree = "<group>"; };
		B57795B61B0DC38900ABE278 /* cat05_2.png */ = {isa = PBXFileReference; lastKnownFileType = image.png; path = cat05_2.png; sourceTree = "<group>"; };
		B57795B71B0DC38900ABE278 /* cat05_3.png */ = {isa = PBXFileReference; lastKnownFileType = image.png; path = cat05_3.png; sourceTree = "<group>"; };
		B57795B81B0DC38900ABE278 /* cat05_4.png */ = {isa = PBXFileReference; lastKnownFileType = image.png; path = cat05_4.png; sourceTree = "<group>"; };
		B57795B91B0DC38900ABE278 /* cat04_1.png */ = {isa = PBXFileReference; lastKnownFileType = image.png; path = cat04_1.png; sourceTree = "<group>"; };
		B57795BA1B0DC38900ABE278 /* cat04_2.png */ = {isa = PBXFileReference; lastKnownFileType = image.png; path = cat04_2.png; sourceTree = "<group>"; };
		B57795BB1B0DC38900ABE278 /* cat04_3.png */ = {isa = PBXFileReference; lastKnownFileType = image.png; path = cat04_3.png; sourceTree = "<group>"; };
		B57795BC1B0DC38900ABE278 /* cat04_4.png */ = {isa = PBXFileReference; lastKnownFileType = image.png; path = cat04_4.png; sourceTree = "<group>"; };
		B57795BD1B0DC38900ABE278 /* cat03_1.png */ = {isa = PBXFileReference; lastKnownFileType = image.png; path = cat03_1.png; sourceTree = "<group>"; };
		B57795BE1B0DC38900ABE278 /* cat03_2.png */ = {isa = PBXFileReference; lastKnownFileType = image.png; path = cat03_2.png; sourceTree = "<group>"; };
		B57795BF1B0DC38900ABE278 /* cat03_3.png */ = {isa = PBXFileReference; lastKnownFileType = image.png; path = cat03_3.png; sourceTree = "<group>"; };
		B57795C01B0DC38900ABE278 /* cat03_4.png */ = {isa = PBXFileReference; lastKnownFileType = image.png; path = cat03_4.png; sourceTree = "<group>"; };
		B57795C11B0DC38900ABE278 /* cat02_1.png */ = {isa = PBXFileReference; lastKnownFileType = image.png; path = cat02_1.png; sourceTree = "<group>"; };
		B57795C21B0DC38900ABE278 /* cat02_2.png */ = {isa = PBXFileReference; lastKnownFileType = image.png; path = cat02_2.png; sourceTree = "<group>"; };
		B57795C31B0DC38900ABE278 /* cat02_3.png */ = {isa = PBXFileReference; lastKnownFileType = image.png; path = cat02_3.png; sourceTree = "<group>"; };
		B57795C41B0DC38900ABE278 /* cat02_4.png */ = {isa = PBXFileReference; lastKnownFileType = image.png; path = cat02_4.png; sourceTree = "<group>"; };
		B57795C51B0DC38900ABE278 /* cat01_1.png */ = {isa = PBXFileReference; lastKnownFileType = image.png; path = cat01_1.png; sourceTree = "<group>"; };
		B57795C61B0DC38900ABE278 /* cat01_2.png */ = {isa = PBXFileReference; lastKnownFileType = image.png; path = cat01_2.png; sourceTree = "<group>"; };
		B57795C71B0DC38900ABE278 /* cat01_3.png */ = {isa = PBXFileReference; lastKnownFileType = image.png; path = cat01_3.png; sourceTree = "<group>"; };
		B57795C81B0DC38900ABE278 /* cat01_4.png */ = {isa = PBXFileReference; lastKnownFileType = image.png; path = cat01_4.png; sourceTree = "<group>"; };
		B57795DD1B0DC3E500ABE278 /* explode.png */ = {isa = PBXFileReference; lastKnownFileType = image.png; path = explode.png; sourceTree = "<group>"; };
		B57795DF1B0DC40900ABE278 /* TextureHelper.h */ = {isa = PBXFileReference; fileEncoding = 4; lastKnownFileType = sourcecode.c.h; path = TextureHelper.h; sourceTree = "<group>"; };
		B57795E01B0DC40900ABE278 /* TextureHelper.m */ = {isa = PBXFileReference; fileEncoding = 4; lastKnownFileType = sourcecode.c.objc; path = TextureHelper.m; sourceTree = "<group>"; };
		B57795E41B0DC54C00ABE278 /* dot.png */ = {isa = PBXFileReference; lastKnownFileType = image.png; path = dot.png; sourceTree = "<group>"; };
		B57795E51B0DC54C00ABE278 /* s0.png */ = {isa = PBXFileReference; lastKnownFileType = image.png; path = s0.png; sourceTree = "<group>"; };
		B57795E61B0DC54C00ABE278 /* s1.png */ = {isa = PBXFileReference; lastKnownFileType = image.png; path = s1.png; sourceTree = "<group>"; };
		B57795E71B0DC54C00ABE278 /* s2.png */ = {isa = PBXFileReference; lastKnownFileType = image.png; path = s2.png; sourceTree = "<group>"; };
		B57795E81B0DC54C00ABE278 /* s3.png */ = {isa = PBXFileReference; lastKnownFileType = image.png; path = s3.png; sourceTree = "<group>"; };
		B57795E91B0DC54C00ABE278 /* s4.png */ = {isa = PBXFileReference; lastKnownFileType = image.png; path = s4.png; sourceTree = "<group>"; };
		B57795EA1B0DC54C00ABE278 /* s5.png */ = {isa = PBXFileReference; lastKnownFileType = image.png; path = s5.png; sourceTree = "<group>"; };
		B57795EB1B0DC54C00ABE278 /* s6.png */ = {isa = PBXFileReference; lastKnownFileType = image.png; path = s6.png; sourceTree = "<group>"; };
		B57795EC1B0DC54C00ABE278 /* s7.png */ = {isa = PBXFileReference; lastKnownFileType = image.png; path = s7.png; sourceTree = "<group>"; };
		B57795ED1B0DC54C00ABE278 /* s8.png */ = {isa = PBXFileReference; lastKnownFileType = image.png; path = s8.png; sourceTree = "<group>"; };
		B57795EE1B0DC54C00ABE278 /* s9.png */ = {isa = PBXFileReference; lastKnownFileType = image.png; path = s9.png; sourceTree = "<group>"; };
		B583C2B01B53BC7D000469F1 /* InfiniteTouch-Info.plist */ = {isa = PBXFileReference; lastKnownFileType = text.plist.xml; name = "InfiniteTouch-Info.plist"; path = "/Users/irons/Desktop/Try_Touch_Bugs/InfiniteTouch-Info.plist"; sourceTree = "<absolute>"; };
		B58D78371B54D6650090BFC7 /* SKBlade.h */ = {isa = PBXFileReference; fileEncoding = 4; lastKnownFileType = sourcecode.c.h; path = SKBlade.h; sourceTree = "<group>"; };
		B58D78381B54D6650090BFC7 /* SKBlade.m */ = {isa = PBXFileReference; fileEncoding = 4; lastKnownFileType = sourcecode.c.objc; path = SKBlade.m; sourceTree = "<group>"; };
		B58D78391B54D6650090BFC7 /* spark.png */ = {isa = PBXFileReference; lastKnownFileType = image.png; path = spark.png; sourceTree = "<group>"; };
		B5972330270E9E1E00C470FB /* de */ = {isa = PBXFileReference; lastKnownFileType = text.plist.strings; name = de; path = de.lproj/AppiraterLocalizable.strings; sourceTree = "<group>"; };
		B5972331270E9E1E00C470FB /* he */ = {isa = PBXFileReference; lastKnownFileType = text.plist.strings; name = he; path = he.lproj/AppiraterLocalizable.strings; sourceTree = "<group>"; };
		B5972332270E9E1E00C470FB /* ar */ = {isa = PBXFileReference; lastKnownFileType = text.plist.strings; name = ar; path = ar.lproj/AppiraterLocalizable.strings; sourceTree = "<group>"; };
		B5972333270E9E1E00C470FB /* el */ = {isa = PBXFileReference; lastKnownFileType = text.plist.strings; name = el; path = el.lproj/AppiraterLocalizable.strings; sourceTree = "<group>"; };
		B5972334270E9E1E00C470FB /* zh-Hans */ = {isa = PBXFileReference; lastKnownFileType = text.plist.strings; name = "zh-Hans"; path = "zh-Hans.lproj/AppiraterLocalizable.strings"; sourceTree = "<group>"; };
		B5972335270E9E1E00C470FB /* ja */ = {isa = PBXFileReference; lastKnownFileType = text.plist.strings; name = ja; path = ja.lproj/AppiraterLocalizable.strings; sourceTree = "<group>"; };
		B5972336270E9E1E00C470FB /* en */ = {isa = PBXFileReference; lastKnownFileType = text.plist.strings; name = en; path = en.lproj/AppiraterLocalizable.strings; sourceTree = "<group>"; };
		B5972337270E9E1E00C470FB /* uk */ = {isa = PBXFileReference; lastKnownFileType = text.plist.strings; name = uk; path = uk.lproj/AppiraterLocalizable.strings; sourceTree = "<group>"; };
		B5972338270E9E1E00C470FB /* nb */ = {isa = PBXFileReference; lastKnownFileType = text.plist.strings; name = nb; path = nb.lproj/AppiraterLocalizable.strings; sourceTree = "<group>"; };
		B5972339270E9E1E00C470FB /* es */ = {isa = PBXFileReference; lastKnownFileType = text.plist.strings; name = es; path = es.lproj/AppiraterLocalizable.strings; sourceTree = "<group>"; };
		B597233A270E9E1E00C470FB /* CHANGELOG.md */ = {isa = PBXFileReference; fileEncoding = 4; lastKnownFileType = net.daringfireball.markdown; path = CHANGELOG.md; sourceTree = "<group>"; };
		B597233B270E9E1E00C470FB /* da */ = {isa = PBXFileReference; lastKnownFileType = text.plist.strings; name = da; path = da.lproj/AppiraterLocalizable.strings; sourceTree = "<group>"; };
		B597233C270E9E1E00C470FB /* it */ = {isa = PBXFileReference; lastKnownFileType = text.plist.strings; name = it; path = it.lproj/AppiraterLocalizable.strings; sourceTree = "<group>"; };
		B597233D270E9E1E00C470FB /* sk */ = {isa = PBXFileReference; lastKnownFileType = text.plist.strings; name = sk; path = sk.lproj/AppiraterLocalizable.strings; sourceTree = "<group>"; };
		B597233E270E9E1E00C470FB /* ms */ = {isa = PBXFileReference; lastKnownFileType = text.plist.strings; name = ms; path = ms.lproj/AppiraterLocalizable.strings; sourceTree = "<group>"; };
		B597233F270E9E1E00C470FB /* Appirater.m */ = {isa = PBXFileReference; fileEncoding = 4; lastKnownFileType = sourcecode.c.objc; path = Appirater.m; sourceTree = "<group>"; };
		B5972340270E9E1E00C470FB /* sv */ = {isa = PBXFileReference; lastKnownFileType = text.plist.strings; name = sv; path = sv.lproj/AppiraterLocalizable.strings; sourceTree = "<group>"; };
		B5972341270E9E1E00C470FB /* cs */ = {isa = PBXFileReference; lastKnownFileType = text.plist.strings; name = cs; path = cs.lproj/AppiraterLocalizable.strings; sourceTree = "<group>"; };
		B5972342270E9E1E00C470FB /* ko */ = {isa = PBXFileReference; lastKnownFileType = text.plist.strings; name = ko; path = ko.lproj/AppiraterLocalizable.strings; sourceTree = "<group>"; };
		B5972343270E9E1E00C470FB /* zh-Hant */ = {isa = PBXFileReference; lastKnownFileType = text.plist.strings; name = "zh-Hant"; path = "zh-Hant.lproj/AppiraterLocalizable.strings"; sourceTree = "<group>"; };
		B5972344270E9E1E00C470FB /* Appirater.podspec.json */ = {isa = PBXFileReference; fileEncoding = 4; lastKnownFileType = text.json; path = Appirater.podspec.json; sourceTree = "<group>"; };
		B5972345270E9E1E00C470FB /* README.md */ = {isa = PBXFileReference; fileEncoding = 4; lastKnownFileType = net.daringfireball.markdown; path = README.md; sourceTree = "<group>"; };
		B5972346270E9E1E00C470FB /* hu */ = {isa = PBXFileReference; lastKnownFileType = text.plist.strings; name = hu; path = hu.lproj/AppiraterLocalizable.strings; sourceTree = "<group>"; };
		B5972347270E9E1E00C470FB /* AppiraterDelegate.h */ = {isa = PBXFileReference; fileEncoding = 4; lastKnownFileType = sourcecode.c.h; path = AppiraterDelegate.h; sourceTree = "<group>"; };
		B5972348270E9E1E00C470FB /* tr */ = {isa = PBXFileReference; lastKnownFileType = text.plist.strings; name = tr; path = tr.lproj/AppiraterLocalizable.strings; sourceTree = "<group>"; };
		B5972349270E9E1E00C470FB /* pl */ = {isa = PBXFileReference; lastKnownFileType = text.plist.strings; name = pl; path = pl.lproj/AppiraterLocalizable.strings; sourceTree = "<group>"; };
		B597234A270E9E1E00C470FB /* .gitignore */ = {isa = PBXFileReference; fileEncoding = 4; lastKnownFileType = text; path = .gitignore; sourceTree = "<group>"; };
		B597234B270E9E1E00C470FB /* pt-BR */ = {isa = PBXFileReference; lastKnownFileType = text.plist.strings; name = "pt-BR"; path = "pt-BR.lproj/AppiraterLocalizable.strings"; sourceTree = "<group>"; };
		B597234C270E9E1E00C470FB /* vi */ = {isa = PBXFileReference; lastKnownFileType = text.plist.strings; name = vi; path = vi.lproj/AppiraterLocalizable.strings; sourceTree = "<group>"; };
		B597234D270E9E1E00C470FB /* ru */ = {isa = PBXFileReference; lastKnownFileType = text.plist.strings; name = ru; path = ru.lproj/AppiraterLocalizable.strings; sourceTree = "<group>"; };
		B597234E270E9E1E00C470FB /* Appirater.h */ = {isa = PBXFileReference; fileEncoding = 4; lastKnownFileType = sourcecode.c.h; path = Appirater.h; sourceTree = "<group>"; };
		B597234F270E9E1F00C470FB /* fr */ = {isa = PBXFileReference; lastKnownFileType = text.plist.strings; name = fr; path = fr.lproj/AppiraterLocalizable.strings; sourceTree = "<group>"; };
		B5972350270E9E1F00C470FB /* fi */ = {isa = PBXFileReference; lastKnownFileType = text.plist.strings; name = fi; path = fi.lproj/AppiraterLocalizable.strings; sourceTree = "<group>"; };
		B5972351270E9E1F00C470FB /* id */ = {isa = PBXFileReference; lastKnownFileType = text.plist.strings; name = id; path = id.lproj/AppiraterLocalizable.strings; sourceTree = "<group>"; };
		B5972352270E9E1F00C470FB /* nl */ = {isa = PBXFileReference; lastKnownFileType = text.plist.strings; name = nl; path = nl.lproj/AppiraterLocalizable.strings; sourceTree = "<group>"; };
		B5972353270E9E1F00C470FB /* th */ = {isa = PBXFileReference; lastKnownFileType = text.plist.strings; name = th; path = th.lproj/AppiraterLocalizable.strings; sourceTree = "<group>"; };
		B5972354270E9E1F00C470FB /* pt */ = {isa = PBXFileReference; lastKnownFileType = text.plist.strings; name = pt; path = pt.lproj/AppiraterLocalizable.strings; sourceTree = "<group>"; };
		B5972355270E9E1F00C470FB /* ro */ = {isa = PBXFileReference; lastKnownFileType = text.plist.strings; name = ro; path = ro.lproj/AppiraterLocalizable.strings; sourceTree = "<group>"; };
		B5972356270E9E1F00C470FB /* ca */ = {isa = PBXFileReference; lastKnownFileType = text.plist.strings; name = ca; path = ca.lproj/AppiraterLocalizable.strings; sourceTree = "<group>"; };
		B5B9C8A52641501200C13993 /* bg07.jpg */ = {isa = PBXFileReference; lastKnownFileType = image.jpeg; path = bg07.jpg; sourceTree = "<group>"; };
		B5B9C8A62641501200C13993 /* bg05.jpg */ = {isa = PBXFileReference; lastKnownFileType = image.jpeg; path = bg05.jpg; sourceTree = "<group>"; };
		B5B9C8A72641501200C13993 /* bg09.jpg */ = {isa = PBXFileReference; lastKnownFileType = image.jpeg; path = bg09.jpg; sourceTree = "<group>"; };
		B5B9C8A82641501300C13993 /* bg14.jpg */ = {isa = PBXFileReference; lastKnownFileType = image.jpeg; path = bg14.jpg; sourceTree = "<group>"; };
		B5B9C8A92641501300C13993 /* bg08.jpg */ = {isa = PBXFileReference; lastKnownFileType = image.jpeg; path = bg08.jpg; sourceTree = "<group>"; };
		B5B9C8AA2641501300C13993 /* bg02.jpg */ = {isa = PBXFileReference; lastKnownFileType = image.jpeg; path = bg02.jpg; sourceTree = "<group>"; };
		B5B9C8AB2641501300C13993 /* bg11.jpg */ = {isa = PBXFileReference; lastKnownFileType = image.jpeg; path = bg11.jpg; sourceTree = "<group>"; };
		B5B9C8AC2641501300C13993 /* bg04.jpg */ = {isa = PBXFileReference; lastKnownFileType = image.jpeg; path = bg04.jpg; sourceTree = "<group>"; };
		B5B9C8AD2641501300C13993 /* bg06.jpg */ = {isa = PBXFileReference; lastKnownFileType = image.jpeg; path = bg06.jpg; sourceTree = "<group>"; };
		B5B9C8AE2641501300C13993 /* bg15.jpg */ = {isa = PBXFileReference; lastKnownFileType = image.jpeg; path = bg15.jpg; sourceTree = "<group>"; };
		B5B9C8AF2641501300C13993 /* bg13.jpg */ = {isa = PBXFileReference; lastKnownFileType = image.jpeg; path = bg13.jpg; sourceTree = "<group>"; };
		B5B9C8B02641501300C13993 /* bg03.jpg */ = {isa = PBXFileReference; lastKnownFileType = image.jpeg; path = bg03.jpg; sourceTree = "<group>"; };
		B5B9C8B12641501300C13993 /* bg12.jpg */ = {isa = PBXFileReference; lastKnownFileType = image.jpeg; path = bg12.jpg; sourceTree = "<group>"; };
		B5B9C8B22641501400C13993 /* bg10.jpg */ = {isa = PBXFileReference; lastKnownFileType = image.jpeg; path = bg10.jpg; sourceTree = "<group>"; };
		B5B9C8B32641501400C13993 /* bg01.jpg */ = {isa = PBXFileReference; lastKnownFileType = image.jpeg; path = bg01.jpg; sourceTree = "<group>"; };
/* End PBXFileReference section */

/* Begin PBXFrameworksBuildPhase section */
		B57795731B0DB1AB00ABE278 /* Frameworks */ = {
			isa = PBXFrameworksBuildPhase;
			buildActionMask = 2147483647;
			files = (
				B577957C1B0DB1AB00ABE278 /* CoreGraphics.framework in Frameworks */,
				B577957E1B0DB1AB00ABE278 /* UIKit.framework in Frameworks */,
				B57795801B0DB1AB00ABE278 /* SpriteKit.framework in Frameworks */,
				B577957A1B0DB1AB00ABE278 /* Foundation.framework in Frameworks */,
			);
			runOnlyForDeploymentPostprocessing = 0;
		};
/* End PBXFrameworksBuildPhase section */

/* Begin PBXGroup section */
		B577956D1B0DB1AB00ABE278 = {
			isa = PBXGroup;
			children = (
				B597232E270E9E1E00C470FB /* appirater-master */,
				B57795811B0DB1AB00ABE278 /* InfiniteTouch */,
				B57795781B0DB1AB00ABE278 /* Frameworks */,
				B57795771B0DB1AB00ABE278 /* Products */,
				B583C2B01B53BC7D000469F1 /* InfiniteTouch-Info.plist */,
			);
			sourceTree = "<group>";
		};
		B57795771B0DB1AB00ABE278 /* Products */ = {
			isa = PBXGroup;
			children = (
				B57795761B0DB1AB00ABE278 /* InfinityCats.app */,
			);
			name = Products;
			sourceTree = "<group>";
		};
		B57795781B0DB1AB00ABE278 /* Frameworks */ = {
			isa = PBXGroup;
			children = (
				B57795791B0DB1AB00ABE278 /* Foundation.framework */,
				B577957B1B0DB1AB00ABE278 /* CoreGraphics.framework */,
				B577957D1B0DB1AB00ABE278 /* UIKit.framework */,
				B577957F1B0DB1AB00ABE278 /* SpriteKit.framework */,
				B577959F1B0DB1AB00ABE278 /* XCTest.framework */,
			);
			name = Frameworks;
			sourceTree = "<group>";
		};
		B57795811B0DB1AB00ABE278 /* InfiniteTouch */ = {
			isa = PBXGroup;
			children = (
				B5B9C8B82641507D00C13993 /* Musics */,
				B5B9C8A426414FE100C13993 /* Images */,
				B577958A1B0DB1AB00ABE278 /* AppDelegate.h */,
				B577958B1B0DB1AB00ABE278 /* AppDelegate.m */,
				B57721A61B4DF16F00ADC9BB /* GameCenterUtil.h */,
				B57721A71B4DF16F00ADC9BB /* GameCenterUtil.m */,
				B577958D1B0DB1AB00ABE278 /* Main.storyboard */,
				B57795901B0DB1AB00ABE278 /* ViewController.h */,
				B57795911B0DB1AB00ABE278 /* ViewController.m */,
				B57795931B0DB1AB00ABE278 /* MyScene.h */,
				B57795941B0DB1AB00ABE278 /* MyScene.m */,
				B57795DF1B0DC40900ABE278 /* TextureHelper.h */,
				B57795E01B0DC40900ABE278 /* TextureHelper.m */,
				B58D78371B54D6650090BFC7 /* SKBlade.h */,
				B58D78381B54D6650090BFC7 /* SKBlade.m */,
				B57313881B7036C800307D50 /* GameMenuViewController.h */,
				B57313891B7036C800307D50 /* GameMenuViewController.m */,
				B50AD0171B9521DE003D6BF1 /* MyADView.h */,
				B50AD0181B9521DE003D6BF1 /* MyADView.m */,
				B55A644B1B7EC36100280B92 /* MyUtils.h */,
				B55A644C1B7EC36100280B92 /* MyUtils.m */,
				B58D78391B54D6650090BFC7 /* spark.png */,
				B57795961B0DB1AB00ABE278 /* Spaceship.png */,
				B57795981B0DB1AB00ABE278 /* Images.xcassets */,
				B57795821B0DB1AB00ABE278 /* Supporting Files */,
			);
			path = InfiniteTouch;
			sourceTree = "<group>";
		};
		B57795821B0DB1AB00ABE278 /* Supporting Files */ = {
			isa = PBXGroup;
			children = (
				B57795831B0DB1AB00ABE278 /* InfiniteTouch-Info.plist */,
				B57795841B0DB1AB00ABE278 /* InfoPlist.strings */,
				B57795871B0DB1AB00ABE278 /* main.m */,
				B57795891B0DB1AB00ABE278 /* InfiniteTouch-Prefix.pch */,
				B55A64401B7D710700280B92 /* Localizable.strings */,
			);
			name = "Supporting Files";
			sourceTree = "<group>";
		};
		B597232E270E9E1E00C470FB /* appirater-master */ = {
			isa = PBXGroup;
			children = (
				B597232F270E9E1E00C470FB /* AppiraterLocalizable.strings */,
				B597233A270E9E1E00C470FB /* CHANGELOG.md */,
				B597233F270E9E1E00C470FB /* Appirater.m */,
				B5972344270E9E1E00C470FB /* Appirater.podspec.json */,
				B5972345270E9E1E00C470FB /* README.md */,
				B5972347270E9E1E00C470FB /* AppiraterDelegate.h */,
				B597234A270E9E1E00C470FB /* .gitignore */,
				B597234E270E9E1E00C470FB /* Appirater.h */,
			);
			name = "appirater-master";
			path = "InfiniteTouch/appirater-master";
			sourceTree = "<group>";
		};
		B5B9C8A426414FE100C13993 /* Images */ = {
			isa = PBXGroup;
			children = (
				B50AD0031B952180003D6BF1 /* ad1.jpg */,
				B50AD0041B952180003D6BF1 /* ad2.jpg */,
				B50AD0051B952180003D6BF1 /* ad3.jpg */,
				B50AD0061B952180003D6BF1 /* 2048_ad.png */,
				B50AD0071B952180003D6BF1 /* Shoot_Learning_ad.png */,
				B50AD0081B952180003D6BF1 /* cute_dudge_ad.png */,
				B50AD0091B952180003D6BF1 /* cn_attack_on_gaint_cat_ad.jpg */,
				B50AD00A1B952180003D6BF1 /* en_attack_on_gaint_cat_ad.jpg */,
				B50AD00B1B952180003D6BF1 /* jp_attack_on_gaint_cat_ad.jpg */,
				B50AD00C1B952180003D6BF1 /* kr_attack_on_gaint_cat_ad.jpg */,
				B57795B51B0DC38900ABE278 /* cat05_1.png */,
				B57795B61B0DC38900ABE278 /* cat05_2.png */,
				B57795B71B0DC38900ABE278 /* cat05_3.png */,
				B57795B81B0DC38900ABE278 /* cat05_4.png */,
				B57795B91B0DC38900ABE278 /* cat04_1.png */,
				B57795BA1B0DC38900ABE278 /* cat04_2.png */,
				B57795BB1B0DC38900ABE278 /* cat04_3.png */,
				B57795BC1B0DC38900ABE278 /* cat04_4.png */,
				B57795BD1B0DC38900ABE278 /* cat03_1.png */,
				B57795BE1B0DC38900ABE278 /* cat03_2.png */,
				B57795BF1B0DC38900ABE278 /* cat03_3.png */,
				B57795C01B0DC38900ABE278 /* cat03_4.png */,
				B57795C11B0DC38900ABE278 /* cat02_1.png */,
				B57795C21B0DC38900ABE278 /* cat02_2.png */,
				B57795C31B0DC38900ABE278 /* cat02_3.png */,
				B57795C41B0DC38900ABE278 /* cat02_4.png */,
				B57795C51B0DC38900ABE278 /* cat01_1.png */,
				B57795C61B0DC38900ABE278 /* cat01_2.png */,
				B57795C71B0DC38900ABE278 /* cat01_3.png */,
				B57795C81B0DC38900ABE278 /* cat01_4.png */,
				B57795DD1B0DC3E500ABE278 /* explode.png */,
				B5B9C8B32641501400C13993 /* bg01.jpg */,
				B5B9C8AA2641501300C13993 /* bg02.jpg */,
				B5B9C8B02641501300C13993 /* bg03.jpg */,
				B5B9C8AC2641501300C13993 /* bg04.jpg */,
				B5B9C8A62641501200C13993 /* bg05.jpg */,
				B5B9C8AD2641501300C13993 /* bg06.jpg */,
				B5B9C8A52641501200C13993 /* bg07.jpg */,
				B5B9C8A92641501300C13993 /* bg08.jpg */,
				B5B9C8A72641501200C13993 /* bg09.jpg */,
				B5B9C8B22641501400C13993 /* bg10.jpg */,
				B5B9C8AB2641501300C13993 /* bg11.jpg */,
				B5B9C8B12641501300C13993 /* bg12.jpg */,
				B5B9C8AF2641501300C13993 /* bg13.jpg */,
				B5B9C8A82641501300C13993 /* bg14.jpg */,
				B5B9C8AE2641501300C13993 /* bg15.jpg */,
				B57795E41B0DC54C00ABE278 /* dot.png */,
				B57795E51B0DC54C00ABE278 /* s0.png */,
				B57795E61B0DC54C00ABE278 /* s1.png */,
				B57795E71B0DC54C00ABE278 /* s2.png */,
				B57795E81B0DC54C00ABE278 /* s3.png */,
				B57795E91B0DC54C00ABE278 /* s4.png */,
				B57795EA1B0DC54C00ABE278 /* s5.png */,
				B57795EB1B0DC54C00ABE278 /* s6.png */,
				B57795EC1B0DC54C00ABE278 /* s7.png */,
				B57795ED1B0DC54C00ABE278 /* s8.png */,
				B57795EE1B0DC54C00ABE278 /* s9.png */,
				B57313521B7035C100307D50 /* btn_Close-hd.png */,
				B57313531B7035C100307D50 /* btn_Exit-hd.png */,
				B57313541B7035C100307D50 /* btn_Facebook-hd.png */,
				B57313551B7035C100307D50 /* btn_FoodMode-hd.png */,
				B57313561B7035C100307D50 /* btn_Guide-hd.png */,
				B57313571B7035C100307D50 /* btn_HighScore-hd.png */,
				B57313581B7035C100307D50 /* btn_HowToPlay-hd.png */,
				B57313591B7035C100307D50 /* btn_Info-hd.png */,
				B573135A1B7035C100307D50 /* btn_mail-hd.png */,
				B573135B1B7035C100307D50 /* btn_Menu-hd.png */,
				B573135C1B7035C100307D50 /* btn_Music_Select-hd.png */,
				B573135D1B7035C100307D50 /* btn_Music-hd.png */,
				B573135E1B7035C100307D50 /* btn_PuzzleMode-hd.png */,
				B573135F1B7035C100307D50 /* btn_rate-hd.png */,
				B57313601B7035C100307D50 /* btn_runeClash-hd.png */,
				B57313611B7035C100307D50 /* btn_Sound_Select-hd.png */,
				B57313621B7035C100307D50 /* btn_Sound-hd.png */,
				B57313631B7035C100307D50 /* btn_TimeMode-hd.png */,
				B57313641B7035C100307D50 /* btnL_GameCenter-hd.png */,
				B57313651B7035C100307D50 /* btnL_goLeft-hd.png */,
				B57313661B7035C100307D50 /* btnL_Menu-hd.png */,
				B57313671B7035C100307D50 /* btnL_PlayAgain-hd.png */,
				B57313681B7035C100307D50 /* gameEndBG-hd.png */,
				B57313691B7035C100307D50 /* Icon_Time-hd.png */,
				B573136A1B7035C100307D50 /* logo-hd.png */,
				B573136B1B7035C100307D50 /* menuBG-hd.png */,
				B573136C1B7035C100307D50 /* musicIcon-hd.png */,
				B573138B1B7038CA00307D50 /* blade_btn.png */,
				B573138C1B7038CA00307D50 /* touch_btn.png */,
				B57313911B71937600307D50 /* touch_multi_btn.png */,
				B573138D1B7038CA00307D50 /* zone_btn.png */,
				B57313931B71945900307D50 /* question_mark_horizental_btn.png */,
			);
			path = Images;
			sourceTree = "<group>";
		};
		B5B9C8B82641507D00C13993 /* Musics */ = {
			isa = PBXGroup;
			children = (
				B55A64431B7EC33A00280B92 /* am_white.mp3 */,
				B55A64441B7EC33A00280B92 /* biai.mp3 */,
				B55A64451B7EC33A00280B92 /* cafe.mp3 */,
				B55A64461B7EC33A00280B92 /* deformation.mp3 */,
			);
			path = Musics;
			sourceTree = "<group>";
		};
/* End PBXGroup section */

/* Begin PBXNativeTarget section */
		B57795751B0DB1AB00ABE278 /* InfiniteTouch */ = {
			isa = PBXNativeTarget;
			buildConfigurationList = B57795AF1B0DB1AC00ABE278 /* Build configuration list for PBXNativeTarget "InfiniteTouch" */;
			buildPhases = (
				B57795721B0DB1AB00ABE278 /* Sources */,
				B57795731B0DB1AB00ABE278 /* Frameworks */,
				B57795741B0DB1AB00ABE278 /* Resources */,
			);
			buildRules = (
			);
			dependencies = (
			);
			name = InfiniteTouch;
			productName = Try_Touch_Bugs;
			productReference = B57795761B0DB1AB00ABE278 /* InfinityCats.app */;
			productType = "com.apple.product-type.application";
		};
/* End PBXNativeTarget section */

/* Begin PBXProject section */
		B577956E1B0DB1AB00ABE278 /* Project object */ = {
			isa = PBXProject;
			attributes = {
				LastUpgradeCheck = 0510;
				ORGANIZATIONNAME = "___FULLUSERNAME___";
				TargetAttributes = {
					B57795751B0DB1AB00ABE278 = {
						DevelopmentTeam = T6VV6T753H;
						ProvisioningStyle = Automatic;
					};
				};
			};
			buildConfigurationList = B57795711B0DB1AB00ABE278 /* Build configuration list for PBXProject "InfiniteTouch" */;
			compatibilityVersion = "Xcode 3.2";
			developmentRegion = English;
			hasScannedForEncodings = 0;
			knownRegions = (
				English,
				en,
				Base,
				"zh-Hant",
				ar,
				ca,
				cs,
				da,
				de,
				el,
				es,
				fi,
				fr,
				he,
				hu,
				id,
				it,
				ja,
				ko,
				ms,
				nb,
				nl,
				pl,
				"pt-BR",
				pt,
				ro,
				ru,
				sk,
				sv,
				th,
				tr,
				uk,
				vi,
				"zh-Hans",
			);
			mainGroup = B577956D1B0DB1AB00ABE278;
			productRefGroup = B57795771B0DB1AB00ABE278 /* Products */;
			projectDirPath = "";
			projectRoot = "";
			targets = (
				B57795751B0DB1AB00ABE278 /* InfiniteTouch */,
			);
		};
/* End PBXProject section */

/* Begin PBXResourcesBuildPhase section */
		B57795741B0DB1AB00ABE278 /* Resources */ = {
			isa = PBXResourcesBuildPhase;
			buildActionMask = 2147483647;
			files = (
				B55A643E1B7D710700280B92 /* Localizable.strings in Resources */,
				B5B9C8BC264150F100C13993 /* bg09.jpg in Resources */,
				B5B9C8C2264150F100C13993 /* bg08.jpg in Resources */,
				B50AD00E1B952180003D6BF1 /* ad2.jpg in Resources */,
				B5B9C8C4264150F100C13993 /* bg13.jpg in Resources */,
				B57795CA1B0DC38900ABE278 /* cat05_2.png in Resources */,
				B573137F1B7035C100307D50 /* btnL_GameCenter-hd.png in Resources */,
				B573137B1B7035C100307D50 /* btn_runeClash-hd.png in Resources */,
				B57313811B7035C100307D50 /* btnL_Menu-hd.png in Resources */,
				B57795F51B0DC54C00ABE278 /* s5.png in Resources */,
				B57313741B7035C100307D50 /* btn_Info-hd.png in Resources */,
				B57795D51B0DC38900ABE278 /* cat02_1.png in Resources */,
				B57313841B7035C100307D50 /* Icon_Time-hd.png in Resources */,
				B5B9C8CA264150F100C13993 /* bg01.jpg in Resources */,
				B57795861B0DB1AB00ABE278 /* InfoPlist.strings in Resources */,
				B57795D71B0DC38900ABE278 /* cat02_3.png in Resources */,
				B50AD0151B952180003D6BF1 /* jp_attack_on_gaint_cat_ad.jpg in Resources */,
				B58D783B1B54D6650090BFC7 /* spark.png in Resources */,
				B5972357270E9E1F00C470FB /* AppiraterLocalizable.strings in Resources */,
				B5B9C8BD264150F100C13993 /* bg02.jpg in Resources */,
				B57795CB1B0DC38900ABE278 /* cat05_3.png in Resources */,
				B50AD0111B952180003D6BF1 /* Shoot_Learning_ad.png in Resources */,
				B57313901B7038CA00307D50 /* zone_btn.png in Resources */,
				B57795F31B0DC54C00ABE278 /* s3.png in Resources */,
				B597235C270E9E1F00C470FB /* .gitignore in Resources */,
				B57313941B71945900307D50 /* question_mark_horizental_btn.png in Resources */,
				B57795C91B0DC38900ABE278 /* cat05_1.png in Resources */,
				B57795CF1B0DC38900ABE278 /* cat04_3.png in Resources */,
				B5B9C8C8264150F100C13993 /* bg15.jpg in Resources */,
				B597235A270E9E1F00C470FB /* Appirater.podspec.json in Resources */,
				B57795991B0DB1AB00ABE278 /* Images.xcassets in Resources */,
				B5B9C8C3264150F100C13993 /* bg12.jpg in Resources */,
				B57795971B0DB1AB00ABE278 /* Spaceship.png in Resources */,
				B57795F41B0DC54C00ABE278 /* s4.png in Resources */,
				B57795F11B0DC54C00ABE278 /* s1.png in Resources */,
				B57313921B71937700307D50 /* touch_multi_btn.png in Resources */,
				B57313701B7035C100307D50 /* btn_FoodMode-hd.png in Resources */,
				B50AD00F1B952180003D6BF1 /* ad3.jpg in Resources */,
				B57313871B7035C100307D50 /* musicIcon-hd.png in Resources */,
				B50AD0131B952180003D6BF1 /* cn_attack_on_gaint_cat_ad.jpg in Resources */,
				B57313731B7035C100307D50 /* btn_HowToPlay-hd.png in Resources */,
				B597235B270E9E1F00C470FB /* README.md in Resources */,
				B57795F71B0DC54C00ABE278 /* s7.png in Resources */,
				B50AD0141B952180003D6BF1 /* en_attack_on_gaint_cat_ad.jpg in Resources */,
				B57313851B7035C100307D50 /* logo-hd.png in Resources */,
				B55A64471B7EC33A00280B92 /* am_white.mp3 in Resources */,
				B57795CD1B0DC38900ABE278 /* cat04_1.png in Resources */,
				B573136D1B7035C100307D50 /* btn_Close-hd.png in Resources */,
				B57795D61B0DC38900ABE278 /* cat02_2.png in Resources */,
				B57795CC1B0DC38900ABE278 /* cat05_4.png in Resources */,
				B55A64481B7EC33A00280B92 /* biai.mp3 in Resources */,
				B57795F91B0DC54C00ABE278 /* s9.png in Resources */,
				B57795D01B0DC38900ABE278 /* cat04_4.png in Resources */,
				B57795D21B0DC38900ABE278 /* cat03_2.png in Resources */,
				B57795DA1B0DC38900ABE278 /* cat01_2.png in Resources */,
				B577958F1B0DB1AB00ABE278 /* Main.storyboard in Resources */,
				B573138F1B7038CA00307D50 /* touch_btn.png in Resources */,
				B57313781B7035C100307D50 /* btn_Music-hd.png in Resources */,
				B57795DE1B0DC3E500ABE278 /* explode.png in Resources */,
				B5B9C8C5264150F100C13993 /* bg03.jpg in Resources */,
				B50AD0101B952180003D6BF1 /* 2048_ad.png in Resources */,
				B57795DB1B0DC38900ABE278 /* cat01_3.png in Resources */,
				B5B9C8C9264150F100C13993 /* bg14.jpg in Resources */,
				B57795D81B0DC38900ABE278 /* cat02_4.png in Resources */,
				B5B9C8BF264150F100C13993 /* bg05.jpg in Resources */,
				B57313861B7035C100307D50 /* menuBG-hd.png in Resources */,
				B57795DC1B0DC38900ABE278 /* cat01_4.png in Resources */,
				B57313711B7035C100307D50 /* btn_Guide-hd.png in Resources */,
				B57795D41B0DC38900ABE278 /* cat03_4.png in Resources */,
				B57795EF1B0DC54C00ABE278 /* dot.png in Resources */,
				B5972358270E9E1F00C470FB /* CHANGELOG.md in Resources */,
				B57313721B7035C100307D50 /* btn_HighScore-hd.png in Resources */,
				B573136F1B7035C100307D50 /* btn_Facebook-hd.png in Resources */,
				B57313771B7035C100307D50 /* btn_Music_Select-hd.png in Resources */,
				B5B9C8C6264150F100C13993 /* bg07.jpg in Resources */,
				B57313831B7035C100307D50 /* gameEndBG-hd.png in Resources */,
				B57795F21B0DC54C00ABE278 /* s2.png in Resources */,
				B5B9C8C1264150F100C13993 /* bg10.jpg in Resources */,
				B57313821B7035C100307D50 /* btnL_PlayAgain-hd.png in Resources */,
				B57795D31B0DC38900ABE278 /* cat03_3.png in Resources */,
				B573136E1B7035C100307D50 /* btn_Exit-hd.png in Resources */,
				B57795D91B0DC38900ABE278 /* cat01_1.png in Resources */,
				B57313751B7035C100307D50 /* btn_mail-hd.png in Resources */,
				B57313791B7035C100307D50 /* btn_PuzzleMode-hd.png in Resources */,
				B573137D1B7035C100307D50 /* btn_Sound-hd.png in Resources */,
				B57795F81B0DC54C00ABE278 /* s8.png in Resources */,
				B57313801B7035C100307D50 /* btnL_goLeft-hd.png in Resources */,
				B57795F61B0DC54C00ABE278 /* s6.png in Resources */,
				B5B9C8BE264150F100C13993 /* bg04.jpg in Resources */,
				B5B9C8C0264150F100C13993 /* bg06.jpg in Resources */,
				B50AD0161B952180003D6BF1 /* kr_attack_on_gaint_cat_ad.jpg in Resources */,
				B57313761B7035C100307D50 /* btn_Menu-hd.png in Resources */,
				B50AD0121B952180003D6BF1 /* cute_dudge_ad.png in Resources */,
				B573137C1B7035C100307D50 /* btn_Sound_Select-hd.png in Resources */,
				B573137A1B7035C100307D50 /* btn_rate-hd.png in Resources */,
				B573138E1B7038CA00307D50 /* blade_btn.png in Resources */,
				B57795CE1B0DC38900ABE278 /* cat04_2.png in Resources */,
				B50AD00D1B952180003D6BF1 /* ad1.jpg in Resources */,
				B57795D11B0DC38900ABE278 /* cat03_1.png in Resources */,
				B5B9C8C7264150F100C13993 /* bg11.jpg in Resources */,
				B55A64491B7EC33A00280B92 /* cafe.mp3 in Resources */,
				B573137E1B7035C100307D50 /* btn_TimeMode-hd.png in Resources */,
				B55A644A1B7EC33A00280B92 /* deformation.mp3 in Resources */,
				B57795F01B0DC54C00ABE278 /* s0.png in Resources */,
			);
			runOnlyForDeploymentPostprocessing = 0;
		};
/* End PBXResourcesBuildPhase section */

/* Begin PBXSourcesBuildPhase section */
		B57795721B0DB1AB00ABE278 /* Sources */ = {
			isa = PBXSourcesBuildPhase;
			buildActionMask = 2147483647;
			files = (
				B55A644D1B7EC36100280B92 /* MyUtils.m in Sources */,
				B5972359270E9E1F00C470FB /* Appirater.m in Sources */,
				B573138A1B7036C800307D50 /* GameMenuViewController.m in Sources */,
				B57795E11B0DC40900ABE278 /* TextureHelper.m in Sources */,
				B57795951B0DB1AB00ABE278 /* MyScene.m in Sources */,
				B57721A81B4DF16F00ADC9BB /* GameCenterUtil.m in Sources */,
				B57795921B0DB1AB00ABE278 /* ViewController.m in Sources */,
				B58D783A1B54D6650090BFC7 /* SKBlade.m in Sources */,
				B577958C1B0DB1AB00ABE278 /* AppDelegate.m in Sources */,
				B57795881B0DB1AB00ABE278 /* main.m in Sources */,
				B50AD0191B9521DE003D6BF1 /* MyADView.m in Sources */,
			);
			runOnlyForDeploymentPostprocessing = 0;
		};
/* End PBXSourcesBuildPhase section */

/* Begin PBXVariantGroup section */
		B55A64401B7D710700280B92 /* Localizable.strings */ = {
			isa = PBXVariantGroup;
			children = (
				B55A643F1B7D710700280B92 /* Base */,
				B55A64411B7D710A00280B92 /* en */,
				B55A64421B7D714400280B92 /* zh-Hant */,
				B54655D51B9FDAC800CA7FBA /* ja */,
				B54655D71B9FDB4C00CA7FBA /* ko */,
				B54655D91B9FDB8800CA7FBA /* zh-Hans */,
			);
			name = Localizable.strings;
			sourceTree = "<group>";
		};
		B57795841B0DB1AB00ABE278 /* InfoPlist.strings */ = {
			isa = PBXVariantGroup;
			children = (
				B57795851B0DB1AB00ABE278 /* en */,
				B55A643A1B7D703000280B92 /* zh-Hant */,
				B50AD13C1B9FC2E9003D6BF1 /* ja */,
				B54655D61B9FDB4C00CA7FBA /* ko */,
				B54655D81B9FDB8800CA7FBA /* zh-Hans */,
				B54655DA1B9FE3D000CA7FBA /* Base */,
			);
			name = InfoPlist.strings;
			sourceTree = "<group>";
		};
		B577958D1B0DB1AB00ABE278 /* Main.storyboard */ = {
			isa = PBXVariantGroup;
			children = (
				B577958E1B0DB1AB00ABE278 /* Base */,
			);
			name = Main.storyboard;
			sourceTree = "<group>";
		};
		B597232F270E9E1E00C470FB /* AppiraterLocalizable.strings */ = {
			isa = PBXVariantGroup;
			children = (
				B5972330270E9E1E00C470FB /* de */,
				B5972331270E9E1E00C470FB /* he */,
				B5972332270E9E1E00C470FB /* ar */,
				B5972333270E9E1E00C470FB /* el */,
				B5972334270E9E1E00C470FB /* zh-Hans */,
				B5972335270E9E1E00C470FB /* ja */,
				B5972336270E9E1E00C470FB /* en */,
				B5972337270E9E1E00C470FB /* uk */,
				B5972338270E9E1E00C470FB /* nb */,
				B5972339270E9E1E00C470FB /* es */,
				B597233B270E9E1E00C470FB /* da */,
				B597233C270E9E1E00C470FB /* it */,
				B597233D270E9E1E00C470FB /* sk */,
				B597233E270E9E1E00C470FB /* ms */,
				B5972340270E9E1E00C470FB /* sv */,
				B5972341270E9E1E00C470FB /* cs */,
				B5972342270E9E1E00C470FB /* ko */,
				B5972343270E9E1E00C470FB /* zh-Hant */,
				B5972346270E9E1E00C470FB /* hu */,
				B5972348270E9E1E00C470FB /* tr */,
				B5972349270E9E1E00C470FB /* pl */,
				B597234B270E9E1E00C470FB /* pt-BR */,
				B597234C270E9E1E00C470FB /* vi */,
				B597234D270E9E1E00C470FB /* ru */,
				B597234F270E9E1F00C470FB /* fr */,
				B5972350270E9E1F00C470FB /* fi */,
				B5972351270E9E1F00C470FB /* id */,
				B5972352270E9E1F00C470FB /* nl */,
				B5972353270E9E1F00C470FB /* th */,
				B5972354270E9E1F00C470FB /* pt */,
				B5972355270E9E1F00C470FB /* ro */,
				B5972356270E9E1F00C470FB /* ca */,
			);
			name = AppiraterLocalizable.strings;
			sourceTree = "<group>";
		};
/* End PBXVariantGroup section */

/* Begin XCBuildConfiguration section */
		B57795AD1B0DB1AC00ABE278 /* Debug */ = {
			isa = XCBuildConfiguration;
			buildSettings = {
				ALWAYS_SEARCH_USER_PATHS = NO;
				CLANG_CXX_LANGUAGE_STANDARD = "gnu++0x";
				CLANG_CXX_LIBRARY = "libc++";
				CLANG_ENABLE_MODULES = YES;
				CLANG_ENABLE_OBJC_ARC = YES;
				CLANG_WARN_BOOL_CONVERSION = YES;
				CLANG_WARN_CONSTANT_CONVERSION = YES;
				CLANG_WARN_DIRECT_OBJC_ISA_USAGE = YES_ERROR;
				CLANG_WARN_EMPTY_BODY = YES;
				CLANG_WARN_ENUM_CONVERSION = YES;
				CLANG_WARN_INT_CONVERSION = YES;
				CLANG_WARN_OBJC_ROOT_CLASS = YES_ERROR;
				CLANG_WARN__DUPLICATE_METHOD_MATCH = YES;
				"CODE_SIGN_IDENTITY[sdk=iphoneos*]" = "iPhone Developer";
				COPY_PHASE_STRIP = NO;
				GCC_C_LANGUAGE_STANDARD = gnu99;
				GCC_DYNAMIC_NO_PIC = NO;
				GCC_OPTIMIZATION_LEVEL = 0;
				GCC_PREPROCESSOR_DEFINITIONS = (
					"DEBUG=1",
					"$(inherited)",
				);
				GCC_SYMBOLS_PRIVATE_EXTERN = NO;
				GCC_WARN_64_TO_32_BIT_CONVERSION = YES;
				GCC_WARN_ABOUT_RETURN_TYPE = YES_ERROR;
				GCC_WARN_UNDECLARED_SELECTOR = YES;
				GCC_WARN_UNINITIALIZED_AUTOS = YES_AGGRESSIVE;
				GCC_WARN_UNUSED_FUNCTION = YES;
				GCC_WARN_UNUSED_VARIABLE = YES;
				IPHONEOS_DEPLOYMENT_TARGET = 7.1;
				ONLY_ACTIVE_ARCH = YES;
				SDKROOT = iphoneos;
			};
			name = Debug;
		};
		B57795AE1B0DB1AC00ABE278 /* Release */ = {
			isa = XCBuildConfiguration;
			buildSettings = {
				ALWAYS_SEARCH_USER_PATHS = NO;
				CLANG_CXX_LANGUAGE_STANDARD = "gnu++0x";
				CLANG_CXX_LIBRARY = "libc++";
				CLANG_ENABLE_MODULES = YES;
				CLANG_ENABLE_OBJC_ARC = YES;
				CLANG_WARN_BOOL_CONVERSION = YES;
				CLANG_WARN_CONSTANT_CONVERSION = YES;
				CLANG_WARN_DIRECT_OBJC_ISA_USAGE = YES_ERROR;
				CLANG_WARN_EMPTY_BODY = YES;
				CLANG_WARN_ENUM_CONVERSION = YES;
				CLANG_WARN_INT_CONVERSION = YES;
				CLANG_WARN_OBJC_ROOT_CLASS = YES_ERROR;
				CLANG_WARN__DUPLICATE_METHOD_MATCH = YES;
				"CODE_SIGN_IDENTITY[sdk=iphoneos*]" = "iPhone Developer";
				COPY_PHASE_STRIP = YES;
				ENABLE_NS_ASSERTIONS = NO;
				GCC_C_LANGUAGE_STANDARD = gnu99;
				GCC_WARN_64_TO_32_BIT_CONVERSION = YES;
				GCC_WARN_ABOUT_RETURN_TYPE = YES_ERROR;
				GCC_WARN_UNDECLARED_SELECTOR = YES;
				GCC_WARN_UNINITIALIZED_AUTOS = YES_AGGRESSIVE;
				GCC_WARN_UNUSED_FUNCTION = YES;
				GCC_WARN_UNUSED_VARIABLE = YES;
				IPHONEOS_DEPLOYMENT_TARGET = 7.1;
				SDKROOT = iphoneos;
				VALIDATE_PRODUCT = YES;
			};
			name = Release;
		};
		B57795B01B0DB1AC00ABE278 /* Debug */ = {
			isa = XCBuildConfiguration;
			buildSettings = {
				ASSETCATALOG_COMPILER_APPICON_NAME = AppIcon;
				ASSETCATALOG_COMPILER_LAUNCHIMAGE_NAME = LaunchImage;
				CODE_SIGN_IDENTITY = "Apple Development";
				CODE_SIGN_STYLE = Automatic;
				CURRENT_PROJECT_VERSION = 1.1.2105030;
				DEVELOPMENT_TEAM = "";
				FRAMEWORK_SEARCH_PATHS = (
					"$(inherited)",
					"/Users/irons/Downloads/GoogleMobileAdsSdkiOS-7.2.2",
				);
				GCC_PRECOMPILE_PREFIX_HEADER = YES;
				GCC_PREFIX_HEADER = "InfiniteTouch/InfiniteTouch-Prefix.pch";
				INFOPLIST_FILE = "InfiniteTouch/InfiniteTouch-Info.plist";
				MARKETING_VERSION = 1.1;
				PRODUCT_NAME = InfinityCats;
				PROVISIONING_PROFILE = "e497e59c-7415-4f07-b65c-fe4bf0a62a44";
				PROVISIONING_PROFILE_SPECIFIER = "";
				SPRITEKIT_TEXTURE_ATLAS_OUTPUT = YES;
				WRAPPER_EXTENSION = app;
			};
			name = Debug;
		};
		B57795B11B0DB1AC00ABE278 /* Release */ = {
			isa = XCBuildConfiguration;
			buildSettings = {
				ASSETCATALOG_COMPILER_APPICON_NAME = AppIcon;
				ASSETCATALOG_COMPILER_LAUNCHIMAGE_NAME = LaunchImage;
				CODE_SIGN_IDENTITY = "Apple Development";
				CODE_SIGN_STYLE = Automatic;
				CURRENT_PROJECT_VERSION = 1.1.2105030;
				DEVELOPMENT_TEAM = "";
				FRAMEWORK_SEARCH_PATHS = (
					"$(inherited)",
					"/Users/irons/Downloads/GoogleMobileAdsSdkiOS-7.2.2",
				);
				GCC_PRECOMPILE_PREFIX_HEADER = YES;
				GCC_PREFIX_HEADER = "InfiniteTouch/InfiniteTouch-Prefix.pch";
				INFOPLIST_FILE = "InfiniteTouch/InfiniteTouch-Info.plist";
				MARKETING_VERSION = 1.1;
				PRODUCT_NAME = InfinityCats;
				PROVISIONING_PROFILE = "e497e59c-7415-4f07-b65c-fe4bf0a62a44";
				PROVISIONING_PROFILE_SPECIFIER = "";
				SPRITEKIT_TEXTURE_ATLAS_OUTPUT = YES;
				WRAPPER_EXTENSION = app;
			};
			name = Release;
		};
/* End XCBuildConfiguration section */

/* Begin XCConfigurationList section */
		B57795711B0DB1AB00ABE278 /* Build configuration list for PBXProject "InfiniteTouch" */ = {
			isa = XCConfigurationList;
			buildConfigurations = (
				B57795AD1B0DB1AC00ABE278 /* Debug */,
				B57795AE1B0DB1AC00ABE278 /* Release */,
			);
			defaultConfigurationIsVisible = 0;
			defaultConfigurationName = Release;
		};
		B57795AF1B0DB1AC00ABE278 /* Build configuration list for PBXNativeTarget "InfiniteTouch" */ = {
			isa = XCConfigurationList;
			buildConfigurations = (
				B57795B01B0DB1AC00ABE278 /* Debug */,
				B57795B11B0DB1AC00ABE278 /* Release */,
			);
			defaultConfigurationIsVisible = 0;
			defaultConfigurationName = Release;
		};
/* End XCConfigurationList section */
	};
	rootObject = B577956E1B0DB1AB00ABE278 /* Project object */;
}
