// !$*UTF8*$!
{
	archiveVersion = 1;
	classes = {
	};
	objectVersion = 46;
	objects = {

/* Begin PBXBuildFile section */
		B577957A1B0DB1AB00ABE278 /* Foundation.framework in Frameworks */ = {isa = PBXBuildFile; fileRef = B57795791B0DB1AB00ABE278 /* Foundation.framework */; };
		B577957C1B0DB1AB00ABE278 /* CoreGraphics.framework in Frameworks */ = {isa = PBXBuildFile; fileRef = B577957B1B0DB1AB00ABE278 /* CoreGraphics.framework */; };
		B577957E1B0DB1AB00ABE278 /* UIKit.framework in Frameworks */ = {isa = PBXBuildFile; fileRef = B577957D1B0DB1AB00ABE278 /* UIKit.framework */; };
		B57795801B0DB1AB00ABE278 /* SpriteKit.framework in Frameworks */ = {isa = PBXBuildFile; fileRef = B577957F1B0DB1AB00ABE278 /* SpriteKit.framework */; };
		B57795861B0DB1AB00ABE278 /* InfoPlist.strings in Resources */ = {isa = PBXBuildFile; fileRef = B57795841B0DB1AB00ABE278 /* InfoPlist.strings */; };
		B57795881B0DB1AB00ABE278 /* main.m in Sources */ = {isa = PBXBuildFile; fileRef = B57795871B0DB1AB00ABE278 /* main.m */; };
		B577958C1B0DB1AB00ABE278 /* AppDelegate.m in Sources */ = {isa = PBXBuildFile; fileRef = B577958B1B0DB1AB00ABE278 /* AppDelegate.m */; };
		B577958F1B0DB1AB00ABE278 /* Main.storyboard in Resources */ = {isa = PBXBuildFile; fileRef = B577958D1B0DB1AB00ABE278 /* Main.storyboard */; };
		B57795921B0DB1AB00ABE278 /* ViewController.m in Sources */ = {isa = PBXBuildFile; fileRef = B57795911B0DB1AB00ABE278 /* ViewController.m */; };
		B57795951B0DB1AB00ABE278 /* MyScene.m in Sources */ = {isa = PBXBuildFile; fileRef = B57795941B0DB1AB00ABE278 /* MyScene.m */; };
		B57795971B0DB1AB00ABE278 /* Spaceship.png in Resources */ = {isa = PBXBuildFile; fileRef = B57795961B0DB1AB00ABE278 /* Spaceship.png */; };
		B57795991B0DB1AB00ABE278 /* Images.xcassets in Resources */ = {isa = PBXBuildFile; fileRef = B57795981B0DB1AB00ABE278 /* Images.xcassets */; };
		B57795A01B0DB1AB00ABE278 /* XCTest.framework in Frameworks */ = {isa = PBXBuildFile; fileRef = B577959F1B0DB1AB00ABE278 /* XCTest.framework */; };
		B57795A11B0DB1AB00ABE278 /* Foundation.framework in Frameworks */ = {isa = PBXBuildFile; fileRef = B57795791B0DB1AB00ABE278 /* Foundation.framework */; };
		B57795A21B0DB1AB00ABE278 /* UIKit.framework in Frameworks */ = {isa = PBXBuildFile; fileRef = B577957D1B0DB1AB00ABE278 /* UIKit.framework */; };
		B57795AA1B0DB1AC00ABE278 /* InfoPlist.strings in Resources */ = {isa = PBXBuildFile; fileRef = B57795A81B0DB1AC00ABE278 /* InfoPlist.strings */; };
		B57795AC1B0DB1AC00ABE278 /* Try_Touch_BugsTests.m in Sources */ = {isa = PBXBuildFile; fileRef = B57795AB1B0DB1AC00ABE278 /* Try_Touch_BugsTests.m */; };
/* End PBXBuildFile section */

/* Begin PBXContainerItemProxy section */
		B57795A31B0DB1AC00ABE278 /* PBXContainerItemProxy */ = {
			isa = PBXContainerItemProxy;
			containerPortal = B577956E1B0DB1AB00ABE278 /* Project object */;
			proxyType = 1;
			remoteGlobalIDString = B57795751B0DB1AB00ABE278;
			remoteInfo = Try_Touch_Bugs;
		};
/* End PBXContainerItemProxy section */

/* Begin PBXFileReference section */
		B57795761B0DB1AB00ABE278 /* Try_Touch_Bugs.app */ = {isa = PBXFileReference; explicitFileType = wrapper.application; includeInIndex = 0; path = Try_Touch_Bugs.app; sourceTree = BUILT_PRODUCTS_DIR; };
		B57795791B0DB1AB00ABE278 /* Foundation.framework */ = {isa = PBXFileReference; lastKnownFileType = wrapper.framework; name = Foundation.framework; path = System/Library/Frameworks/Foundation.framework; sourceTree = SDKROOT; };
		B577957B1B0DB1AB00ABE278 /* CoreGraphics.framework */ = {isa = PBXFileReference; lastKnownFileType = wrapper.framework; name = CoreGraphics.framework; path = System/Library/Frameworks/CoreGraphics.framework; sourceTree = SDKROOT; };
		B577957D1B0DB1AB00ABE278 /* UIKit.framework */ = {isa = PBXFileReference; lastKnownFileType = wrapper.framework; name = UIKit.framework; path = System/Library/Frameworks/UIKit.framework; sourceTree = SDKROOT; };
		B577957F1B0DB1AB00ABE278 /* SpriteKit.framework */ = {isa = PBXFileReference; lastKnownFileType = wrapper.framework; name = SpriteKit.framework; path = System/Library/Frameworks/SpriteKit.framework; sourceTree = SDKROOT; };
		B57795831B0DB1AB00ABE278 /* Try_Touch_Bugs-Info.plist */ = {isa = PBXFileReference; lastKnownFileType = text.plist.xml; path = "Try_Touch_Bugs-Info.plist"; sourceTree = "<group>"; };
		B57795851B0DB1AB00ABE278 /* en */ = {isa = PBXFileReference; lastKnownFileType = text.plist.strings; name = en; path = en.lproj/InfoPlist.strings; sourceTree = "<group>"; };
		B57795871B0DB1AB00ABE278 /* main.m */ = {isa = PBXFileReference; lastKnownFileType = sourcecode.c.objc; path = main.m; sourceTree = "<group>"; };
		B57795891B0DB1AB00ABE278 /* Try_Touch_Bugs-Prefix.pch */ = {isa = PBXFileReference; lastKnownFileType = sourcecode.c.h; path = "Try_Touch_Bugs-Prefix.pch"; sourceTree = "<group>"; };
		B577958A1B0DB1AB00ABE278 /* AppDelegate.h */ = {isa = PBXFileReference; lastKnownFileType = sourcecode.c.h; path = AppDelegate.h; sourceTree = "<group>"; };
		B577958B1B0DB1AB00ABE278 /* AppDelegate.m */ = {isa = PBXFileReference; lastKnownFileType = sourcecode.c.objc; path = AppDelegate.m; sourceTree = "<group>"; };
		B577958E1B0DB1AB00ABE278 /* Base */ = {isa = PBXFileReference; lastKnownFileType = file.storyboard; name = Base; path = Base.lproj/Main.storyboard; sourceTree = "<group>"; };
		B57795901B0DB1AB00ABE278 /* ViewController.h */ = {isa = PBXFileReference; lastKnownFileType = sourcecode.c.h; path = ViewController.h; sourceTree = "<group>"; };
		B57795911B0DB1AB00ABE278 /* ViewController.m */ = {isa = PBXFileReference; lastKnownFileType = sourcecode.c.objc; path = ViewController.m; sourceTree = "<group>"; };
		B57795931B0DB1AB00ABE278 /* MyScene.h */ = {isa = PBXFileReference; lastKnownFileType = sourcecode.c.h; path = MyScene.h; sourceTree = "<group>"; };
		B57795941B0DB1AB00ABE278 /* MyScene.m */ = {isa = PBXFileReference; lastKnownFileType = sourcecode.c.objc; path = MyScene.m; sourceTree = "<group>"; };
		B57795961B0DB1AB00ABE278 /* Spaceship.png */ = {isa = PBXFileReference; lastKnownFileType = image.png; path = Spaceship.png; sourceTree = "<group>"; };
		B57795981B0DB1AB00ABE278 /* Images.xcassets */ = {isa = PBXFileReference; lastKnownFileType = folder.assetcatalog; path = Images.xcassets; sourceTree = "<group>"; };
		B577959E1B0DB1AB00ABE278 /* Try_Touch_BugsTests.xctest */ = {isa = PBXFileReference; explicitFileType = wrapper.cfbundle; includeInIndex = 0; path = Try_Touch_BugsTests.xctest; sourceTree = BUILT_PRODUCTS_DIR; };
		B577959F1B0DB1AB00ABE278 /* XCTest.framework */ = {isa = PBXFileReference; lastKnownFileType = wrapper.framework; name = XCTest.framework; path = Library/Frameworks/XCTest.framework; sourceTree = DEVELOPER_DIR; };
		B57795A71B0DB1AC00ABE278 /* Try_Touch_BugsTests-Info.plist */ = {isa = PBXFileReference; lastKnownFileType = text.plist.xml; path = "Try_Touch_BugsTests-Info.plist"; sourceTree = "<group>"; };
		B57795A91B0DB1AC00ABE278 /* en */ = {isa = PBXFileReference; lastKnownFileType = text.plist.strings; name = en; path = en.lproj/InfoPlist.strings; sourceTree = "<group>"; };
		B57795AB1B0DB1AC00ABE278 /* Try_Touch_BugsTests.m */ = {isa = PBXFileReference; lastKnownFileType = sourcecode.c.objc; path = Try_Touch_BugsTests.m; sourceTree = "<group>"; };
/* End PBXFileReference section */

/* Begin PBXFrameworksBuildPhase section */
		B57795731B0DB1AB00ABE278 /* Frameworks */ = {
			isa = PBXFrameworksBuildPhase;
			buildActionMask = 2147483647;
			files = (
				B577957C1B0DB1AB00ABE278 /* CoreGraphics.framework in Frameworks */,
				B577957E1B0DB1AB00ABE278 /* UIKit.framework in Frameworks */,
				B57795801B0DB1AB00ABE278 /* SpriteKit.framework in Frameworks */,
				B577957A1B0DB1AB00ABE278 /* Foundation.framework in Frameworks */,
			);
			runOnlyForDeploymentPostprocessing = 0;
		};
		B577959B1B0DB1AB00ABE278 /* Frameworks */ = {
			isa = PBXFrameworksBuildPhase;
			buildActionMask = 2147483647;
			files = (
				B57795A01B0DB1AB00ABE278 /* XCTest.framework in Frameworks */,
				B57795A21B0DB1AB00ABE278 /* UIKit.framework in Frameworks */,
				B57795A11B0DB1AB00ABE278 /* Foundation.framework in Frameworks */,
			);
			runOnlyForDeploymentPostprocessing = 0;
		};
/* End PBXFrameworksBuildPhase section */

/* Begin PBXGroup section */
		B577956D1B0DB1AB00ABE278 = {
			isa = PBXGroup;
			children = (
				B57795811B0DB1AB00ABE278 /* Try_Touch_Bugs */,
				B57795A51B0DB1AC00ABE278 /* Try_Touch_BugsTests */,
				B57795781B0DB1AB00ABE278 /* Frameworks */,
				B57795771B0DB1AB00ABE278 /* Products */,
			);
			sourceTree = "<group>";
		};
		B57795771B0DB1AB00ABE278 /* Products */ = {
			isa = PBXGroup;
			children = (
				B57795761B0DB1AB00ABE278 /* Try_Touch_Bugs.app */,
				B577959E1B0DB1AB00ABE278 /* Try_Touch_BugsTests.xctest */,
			);
			name = Products;
			sourceTree = "<group>";
		};
		B57795781B0DB1AB00ABE278 /* Frameworks */ = {
			isa = PBXGroup;
			children = (
				B57795791B0DB1AB00ABE278 /* Foundation.framework */,
				B577957B1B0DB1AB00ABE278 /* CoreGraphics.framework */,
				B577957D1B0DB1AB00ABE278 /* UIKit.framework */,
				B577957F1B0DB1AB00ABE278 /* SpriteKit.framework */,
				B577959F1B0DB1AB00ABE278 /* XCTest.framework */,
			);
			name = Frameworks;
			sourceTree = "<group>";
		};
		B57795811B0DB1AB00ABE278 /* Try_Touch_Bugs */ = {
			isa = PBXGroup;
			children = (
				B577958A1B0DB1AB00ABE278 /* AppDelegate.h */,
				B577958B1B0DB1AB00ABE278 /* AppDelegate.m */,
				B577958D1B0DB1AB00ABE278 /* Main.storyboard */,
				B57795901B0DB1AB00ABE278 /* ViewController.h */,
				B57795911B0DB1AB00ABE278 /* ViewController.m */,
				B57795931B0DB1AB00ABE278 /* MyScene.h */,
				B57795941B0DB1AB00ABE278 /* MyScene.m */,
				B57795961B0DB1AB00ABE278 /* Spaceship.png */,
				B57795981B0DB1AB00ABE278 /* Images.xcassets */,
				B57795821B0DB1AB00ABE278 /* Supporting Files */,
			);
			path = Try_Touch_Bugs;
			sourceTree = "<group>";
		};
		B57795821B0DB1AB00ABE278 /* Supporting Files */ = {
			isa = PBXGroup;
			children = (
				B57795831B0DB1AB00ABE278 /* Try_Touch_Bugs-Info.plist */,
				B57795841B0DB1AB00ABE278 /* InfoPlist.strings */,
				B57795871B0DB1AB00ABE278 /* main.m */,
				B57795891B0DB1AB00ABE278 /* Try_Touch_Bugs-Prefix.pch */,
			);
			name = "Supporting Files";
			sourceTree = "<group>";
		};
		B57795A51B0DB1AC00ABE278 /* Try_Touch_BugsTests */ = {
			isa = PBXGroup;
			children = (
				B57795AB1B0DB1AC00ABE278 /* Try_Touch_BugsTests.m */,
				B57795A61B0DB1AC00ABE278 /* Supporting Files */,
			);
			path = Try_Touch_BugsTests;
			sourceTree = "<group>";
		};
		B57795A61B0DB1AC00ABE278 /* Supporting Files */ = {
			isa = PBXGroup;
			children = (
				B57795A71B0DB1AC00ABE278 /* Try_Touch_BugsTests-Info.plist */,
				B57795A81B0DB1AC00ABE278 /* InfoPlist.strings */,
			);
			name = "Supporting Files";
			sourceTree = "<group>";
		};
/* End PBXGroup section */

/* Begin PBXNativeTarget section */
		B57795751B0DB1AB00ABE278 /* Try_Touch_Bugs */ = {
			isa = PBXNativeTarget;
			buildConfigurationList = B57795AF1B0DB1AC00ABE278 /* Build configuration list for PBXNativeTarget "Try_Touch_Bugs" */;
			buildPhases = (
				B57795721B0DB1AB00ABE278 /* Sources */,
				B57795731B0DB1AB00ABE278 /* Frameworks */,
				B57795741B0DB1AB00ABE278 /* Resources */,
			);
			buildRules = (
			);
			dependencies = (
			);
			name = Try_Touch_Bugs;
			productName = Try_Touch_Bugs;
			productReference = B57795761B0DB1AB00ABE278 /* Try_Touch_Bugs.app */;
			productType = "com.apple.product-type.application";
		};
		B577959D1B0DB1AB00ABE278 /* Try_Touch_BugsTests */ = {
			isa = PBXNativeTarget;
			buildConfigurationList = B57795B21B0DB1AC00ABE278 /* Build configuration list for PBXNativeTarget "Try_Touch_BugsTests" */;
			buildPhases = (
				B577959A1B0DB1AB00ABE278 /* Sources */,
				B577959B1B0DB1AB00ABE278 /* Frameworks */,
				B577959C1B0DB1AB00ABE278 /* Resources */,
			);
			buildRules = (
			);
			dependencies = (
				B57795A41B0DB1AC00ABE278 /* PBXTargetDependency */,
			);
			name = Try_Touch_BugsTests;
			productName = Try_Touch_BugsTests;
			productReference = B577959E1B0DB1AB00ABE278 /* Try_Touch_BugsTests.xctest */;
			productType = "com.apple.product-type.bundle.unit-test";
		};
/* End PBXNativeTarget section */

/* Begin PBXProject section */
		B577956E1B0DB1AB00ABE278 /* Project object */ = {
			isa = PBXProject;
			attributes = {
				LastUpgradeCheck = 0510;
				ORGANIZATIONNAME = "___FULLUSERNAME___";
				TargetAttributes = {
					B577959D1B0DB1AB00ABE278 = {
						TestTargetID = B57795751B0DB1AB00ABE278;
					};
				};
			};
			buildConfigurationList = B57795711B0DB1AB00ABE278 /* Build configuration list for PBXProject "Try_Touch_Bugs" */;
			compatibilityVersion = "Xcode 3.2";
			developmentRegion = English;
			hasScannedForEncodings = 0;
			knownRegions = (
				en,
				Base,
			);
			mainGroup = B577956D1B0DB1AB00ABE278;
			productRefGroup = B57795771B0DB1AB00ABE278 /* Products */;
			projectDirPath = "";
			projectRoot = "";
			targets = (
				B57795751B0DB1AB00ABE278 /* Try_Touch_Bugs */,
				B577959D1B0DB1AB00ABE278 /* Try_Touch_BugsTests */,
			);
		};
/* End PBXProject section */

/* Begin PBXResourcesBuildPhase section */
		B57795741B0DB1AB00ABE278 /* Resources */ = {
			isa = PBXResourcesBuildPhase;
			buildActionMask = 2147483647;
			files = (
				B57795861B0DB1AB00ABE278 /* InfoPlist.strings in Resources */,
				B57795991B0DB1AB00ABE278 /* Images.xcassets in Resources */,
				B57795971B0DB1AB00ABE278 /* Spaceship.png in Resources */,
				B577958F1B0DB1AB00ABE278 /* Main.storyboard in Resources */,
			);
			runOnlyForDeploymentPostprocessing = 0;
		};
		B577959C1B0DB1AB00ABE278 /* Resources */ = {
			isa = PBXResourcesBuildPhase;
			buildActionMask = 2147483647;
			files = (
				B57795AA1B0DB1AC00ABE278 /* InfoPlist.strings in Resources */,
			);
			runOnlyForDeploymentPostprocessing = 0;
		};
/* End PBXResourcesBuildPhase section */

/* Begin PBXSourcesBuildPhase section */
		B57795721B0DB1AB00ABE278 /* Sources */ = {
			isa = PBXSourcesBuildPhase;
			buildActionMask = 2147483647;
			files = (
				B57795951B0DB1AB00ABE278 /* MyScene.m in Sources */,
				B57795921B0DB1AB00ABE278 /* ViewController.m in Sources */,
				B577958C1B0DB1AB00ABE278 /* AppDelegate.m in Sources */,
				B57795881B0DB1AB00ABE278 /* main.m in Sources */,
			);
			runOnlyForDeploymentPostprocessing = 0;
		};
		B577959A1B0DB1AB00ABE278 /* Sources */ = {
			isa = PBXSourcesBuildPhase;
			buildActionMask = 2147483647;
			files = (
				B57795AC1B0DB1AC00ABE278 /* Try_Touch_BugsTests.m in Sources */,
			);
			runOnlyForDeploymentPostprocessing = 0;
		};
/* End PBXSourcesBuildPhase section */

/* Begin PBXTargetDependency section */
		B57795A41B0DB1AC00ABE278 /* PBXTargetDependency */ = {
			isa = PBXTargetDependency;
			target = B57795751B0DB1AB00ABE278 /* Try_Touch_Bugs */;
			targetProxy = B57795A31B0DB1AC00ABE278 /* PBXContainerItemProxy */;
		};
/* End PBXTargetDependency section */

/* Begin PBXVariantGroup section */
		B57795841B0DB1AB00ABE278 /* InfoPlist.strings */ = {
			isa = PBXVariantGroup;
			children = (
				B57795851B0DB1AB00ABE278 /* en */,
			);
			name = InfoPlist.strings;
			sourceTree = "<group>";
		};
		B577958D1B0DB1AB00ABE278 /* Main.storyboard */ = {
			isa = PBXVariantGroup;
			children = (
				B577958E1B0DB1AB00ABE278 /* Base */,
			);
			name = Main.storyboard;
			sourceTree = "<group>";
		};
		B57795A81B0DB1AC00ABE278 /* InfoPlist.strings */ = {
			isa = PBXVariantGroup;
			children = (
				B57795A91B0DB1AC00ABE278 /* en */,
			);
			name = InfoPlist.strings;
			sourceTree = "<group>";
		};
/* End PBXVariantGroup section */

/* Begin XCBuildConfiguration section */
		B57795AD1B0DB1AC00ABE278 /* Debug */ = {
			isa = XCBuildConfiguration;
			buildSettings = {
				ALWAYS_SEARCH_USER_PATHS = NO;
				CLANG_CXX_LANGUAGE_STANDARD = "gnu++0x";
				CLANG_CXX_LIBRARY = "libc++";
				CLANG_ENABLE_MODULES = YES;
				CLANG_ENABLE_OBJC_ARC = YES;
				CLANG_WARN_BOOL_CONVERSION = YES;
				CLANG_WARN_CONSTANT_CONVERSION = YES;
				CLANG_WARN_DIRECT_OBJC_ISA_USAGE = YES_ERROR;
				CLANG_WARN_EMPTY_BODY = YES;
				CLANG_WARN_ENUM_CONVERSION = YES;
				CLANG_WARN_INT_CONVERSION = YES;
				CLANG_WARN_OBJC_ROOT_CLASS = YES_ERROR;
				CLANG_WARN__DUPLICATE_METHOD_MATCH = YES;
				"CODE_SIGN_IDENTITY[sdk=iphoneos*]" = "iPhone Developer";
				COPY_PHASE_STRIP = NO;
				GCC_C_LANGUAGE_STANDARD = gnu99;
				GCC_DYNAMIC_NO_PIC = NO;
				GCC_OPTIMIZATION_LEVEL = 0;
				GCC_PREPROCESSOR_DEFINITIONS = (
					"DEBUG=1",
					"$(inherited)",
				);
				GCC_SYMBOLS_PRIVATE_EXTERN = NO;
				GCC_WARN_64_TO_32_BIT_CONVERSION = YES;
				GCC_WARN_ABOUT_RETURN_TYPE = YES_ERROR;
				GCC_WARN_UNDECLARED_SELECTOR = YES;
				GCC_WARN_UNINITIALIZED_AUTOS = YES_AGGRESSIVE;
				GCC_WARN_UNUSED_FUNCTION = YES;
				GCC_WARN_UNUSED_VARIABLE = YES;
				IPHONEOS_DEPLOYMENT_TARGET = 7.1;
				ONLY_ACTIVE_ARCH = YES;
				SDKROOT = iphoneos;
			};
			name = Debug;
		};
		B57795AE1B0DB1AC00ABE278 /* Release */ = {
			isa = XCBuildConfiguration;
			buildSettings = {
				ALWAYS_SEARCH_USER_PATHS = NO;
				CLANG_CXX_LANGUAGE_STANDARD = "gnu++0x";
				CLANG_CXX_LIBRARY = "libc++";
				CLANG_ENABLE_MODULES = YES;
				CLANG_ENABLE_OBJC_ARC = YES;
				CLANG_WARN_BOOL_CONVERSION = YES;
				CLANG_WARN_CONSTANT_CONVERSION = YES;
				CLANG_WARN_DIRECT_OBJC_ISA_USAGE = YES_ERROR;
				CLANG_WARN_EMPTY_BODY = YES;
				CLANG_WARN_ENUM_CONVERSION = YES;
				CLANG_WARN_INT_CONVERSION = YES;
				CLANG_WARN_OBJC_ROOT_CLASS = YES_ERROR;
				CLANG_WARN__DUPLICATE_METHOD_MATCH = YES;
				"CODE_SIGN_IDENTITY[sdk=iphoneos*]" = "iPhone Developer";
				COPY_PHASE_STRIP = YES;
				ENABLE_NS_ASSERTIONS = NO;
				GCC_C_LANGUAGE_STANDARD = gnu99;
				GCC_WARN_64_TO_32_BIT_CONVERSION = YES;
				GCC_WARN_ABOUT_RETURN_TYPE = YES_ERROR;
				GCC_WARN_UNDECLARED_SELECTOR = YES;
				GCC_WARN_UNINITIALIZED_AUTOS = YES_AGGRESSIVE;
				GCC_WARN_UNUSED_FUNCTION = YES;
				GCC_WARN_UNUSED_VARIABLE = YES;
				IPHONEOS_DEPLOYMENT_TARGET = 7.1;
				SDKROOT = iphoneos;
				VALIDATE_PRODUCT = YES;
			};
			name = Release;
		};
		B57795B01B0DB1AC00ABE278 /* Debug */ = {
			isa = XCBuildConfiguration;
			buildSettings = {
				ASSETCATALOG_COMPILER_APPICON_NAME = AppIcon;
				ASSETCATALOG_COMPILER_LAUNCHIMAGE_NAME = LaunchImage;
				GCC_PRECOMPILE_PREFIX_HEADER = YES;
				GCC_PREFIX_HEADER = "Try_Touch_Bugs/Try_Touch_Bugs-Prefix.pch";
				INFOPLIST_FILE = "Try_Touch_Bugs/Try_Touch_Bugs-Info.plist";
				PRODUCT_NAME = "$(TARGET_NAME)";
				SPRITEKIT_TEXTURE_ATLAS_OUTPUT = YES;
				WRAPPER_EXTENSION = app;
			};
			name = Debug;
		};
		B57795B11B0DB1AC00ABE278 /* Release */ = {
			isa = XCBuildConfiguration;
			buildSettings = {
				ASSETCATALOG_COMPILER_APPICON_NAME = AppIcon;
				ASSETCATALOG_COMPILER_LAUNCHIMAGE_NAME = LaunchImage;
				GCC_PRECOMPILE_PREFIX_HEADER = YES;
				GCC_PREFIX_HEADER = "Try_Touch_Bugs/Try_Touch_Bugs-Prefix.pch";
				INFOPLIST_FILE = "Try_Touch_Bugs/Try_Touch_Bugs-Info.plist";
				PRODUCT_NAME = "$(TARGET_NAME)";
				SPRITEKIT_TEXTURE_ATLAS_OUTPUT = YES;
				WRAPPER_EXTENSION = app;
			};
			name = Release;
		};
		B57795B31B0DB1AC00ABE278 /* Debug */ = {
			isa = XCBuildConfiguration;
			buildSettings = {
				BUNDLE_LOADER = "$(BUILT_PRODUCTS_DIR)/Try_Touch_Bugs.app/Try_Touch_Bugs";
				FRAMEWORK_SEARCH_PATHS = (
					"$(SDKROOT)/Developer/Library/Frameworks",
					"$(inherited)",
					"$(DEVELOPER_FRAMEWORKS_DIR)",
				);
				GCC_PRECOMPILE_PREFIX_HEADER = YES;
				GCC_PREFIX_HEADER = "Try_Touch_Bugs/Try_Touch_Bugs-Prefix.pch";
				GCC_PREPROCESSOR_DEFINITIONS = (
					"DEBUG=1",
					"$(inherited)",
				);
				INFOPLIST_FILE = "Try_Touch_BugsTests/Try_Touch_BugsTests-Info.plist";
				PRODUCT_NAME = "$(TARGET_NAME)";
				TEST_HOST = "$(BUNDLE_LOADER)";
				WRAPPER_EXTENSION = xctest;
			};
			name = Debug;
		};
		B57795B41B0DB1AC00ABE278 /* Release */ = {
			isa = XCBuildConfiguration;
			buildSettings = {
				BUNDLE_LOADER = "$(BUILT_PRODUCTS_DIR)/Try_Touch_Bugs.app/Try_Touch_Bugs";
				FRAMEWORK_SEARCH_PATHS = (
					"$(SDKROOT)/Developer/Library/Frameworks",
					"$(inherited)",
					"$(DEVELOPER_FRAMEWORKS_DIR)",
				);
				GCC_PRECOMPILE_PREFIX_HEADER = YES;
				GCC_PREFIX_HEADER = "Try_Touch_Bugs/Try_Touch_Bugs-Prefix.pch";
				INFOPLIST_FILE = "Try_Touch_BugsTests/Try_Touch_BugsTests-Info.plist";
				PRODUCT_NAME = "$(TARGET_NAME)";
				TEST_HOST = "$(BUNDLE_LOADER)";
				WRAPPER_EXTENSION = xctest;
			};
			name = Release;
		};
/* End XCBuildConfiguration section */

/* Begin XCConfigurationList section */
		B57795711B0DB1AB00ABE278 /* Build configuration list for PBXProject "Try_Touch_Bugs" */ = {
			isa = XCConfigurationList;
			buildConfigurations = (
				B57795AD1B0DB1AC00ABE278 /* Debug */,
				B57795AE1B0DB1AC00ABE278 /* Release */,
			);
			defaultConfigurationIsVisible = 0;
			defaultConfigurationName = Release;
		};
		B57795AF1B0DB1AC00ABE278 /* Build configuration list for PBXNativeTarget "Try_Touch_Bugs" */ = {
			isa = XCConfigurationList;
			buildConfigurations = (
				B57795B01B0DB1AC00ABE278 /* Debug */,
				B57795B11B0DB1AC00ABE278 /* Release */,
			);
			defaultConfigurationIsVisible = 0;
		};
		B57795B21B0DB1AC00ABE278 /* Build configuration list for PBXNativeTarget "Try_Touch_BugsTests" */ = {
			isa = XCConfigurationList;
			buildConfigurations = (
				B57795B31B0DB1AC00ABE278 /* Debug */,
				B57795B41B0DB1AC00ABE278 /* Release */,
			);
			defaultConfigurationIsVisible = 0;
		};
/* End XCConfigurationList section */
	};
	rootObject = B577956E1B0DB1AB00ABE278 /* Project object */;
}
